// !$*UTF8*$!
{
	archiveVersion = 1;
	classes = {
	};
	objectVersion = 55;
	objects = {

/* Begin PBXBuildFile section */
		003540817599A04AD9A30FC2 /* TrainService.swift in Sources */ = {isa = PBXBuildFile; fileRef = D2066B5F7886F716C406D18E /* TrainService.swift */; };
		00845726C7B2891BF57C5998 /* UserStorageClient.swift in Sources */ = {isa = PBXBuildFile; fileRef = E7D3E49893B6A48018AD8733 /* UserStorageClient.swift */; };
		028A0B993A10C75AB0B9C5B9 /* AddJourneyUITests.swift in Sources */ = {isa = PBXBuildFile; fileRef = 56796761952ADD4497666BFA /* AddJourneyUITests.swift */; };
		04FC5700B0FD3568D8E6B08B /* DBRules.swift in Sources */ = {isa = PBXBuildFile; fileRef = D52D40390F4CEC993C57EF52 /* DBRules.swift */; };
		064FA8D99EBEE12287D2B224 /* StationPickerFeature.swift in Sources */ = {isa = PBXBuildFile; fileRef = 03FE0E979B75964FBA0E5749 /* StationPickerFeature.swift */; };
		0742FDB5B454AD5007808540 /* CustomTabBarView.swift in Sources */ = {isa = PBXBuildFile; fileRef = E80C8C46517178263BE69BE6 /* CustomTabBarView.swift */; };
		0C2010290D7FA7B9693EF7DB /* VehicleMarker.swift in Sources */ = {isa = PBXBuildFile; fileRef = A4CE8C7AA1E75D93901B1A98 /* VehicleMarker.swift */; };
		11911C194CFF42A388892C28 /* Assets.xcassets in Resources */ = {isa = PBXBuildFile; fileRef = 29DCC8711A5AFE25FCDDD699 /* Assets.xcassets */; };
		13DA546FDB3E371D5730AA43 /* TimeLabel.swift in Sources */ = {isa = PBXBuildFile; fileRef = CE29BF1855E8D788EC222B6A /* TimeLabel.swift */; };
		13DFC764F5CCD85E9BA887EA /* EurostarRules.swift in Sources */ = {isa = PBXBuildFile; fileRef = F58064B803B5447BBAC117D9 /* EurostarRules.swift */; };
		176DD7CD1738CCD762116CED /* ConfirmationFeature.swift in Sources */ = {isa = PBXBuildFile; fileRef = F540824B26617A0E7184A4AE /* ConfirmationFeature.swift */; };
		1EA777D47D96F85EDAA8C246 /* OHHTTPStubsSwift in Frameworks */ = {isa = PBXBuildFile; productRef = E6FB2C5FFD7C2900CF0A7C74 /* OHHTTPStubsSwift */; };
		21991ED9C3521272CDBA4E13 /* LaunchScreen.storyboard in Resources */ = {isa = PBXBuildFile; fileRef = 0031F231D734849B7FFD67C8 /* LaunchScreen.storyboard */; };
		23F4EBE051EF33F1001A2617 /* APIKeys.swift in Sources */ = {isa = PBXBuildFile; fileRef = 7D564FFC35E4A67CC1B9AAF8 /* APIKeys.swift */; };
		27DA1F764827B7CE7EF5F4D6 /* DataService.swift in Sources */ = {isa = PBXBuildFile; fileRef = 9386ACF43376D45B7FD24B26 /* DataService.swift */; };
		2A9987DF580E6DB44BD83EAB /* GET_stop_ 9706_SNCF_TGV.json in Resources */ = {isa = PBXBuildFile; fileRef = 8E3D6070CCE20D6BA41FEB2A /* GET_stop_ 9706_SNCF_TGV.json */; };
		2ACFA1AA65ED4BD9CBECA344 /* JourneyTimes.swift in Sources */ = {isa = PBXBuildFile; fileRef = 014011F4C3CAD2CD786779EE /* JourneyTimes.swift */; };
		302EF570C82AE06692AC5BD5 /* DatePickerView.swift in Sources */ = {isa = PBXBuildFile; fileRef = 293B08E4B735257A48FC4B68 /* DatePickerView.swift */; };
		311CA2287759337B62A5E420 /* VerticalTimeline.swift in Sources */ = {isa = PBXBuildFile; fileRef = AD3DDA694ECAF3FC1A023451 /* VerticalTimeline.swift */; };
		34662B77F5B9E981B7645E7D /* JourneyDataService.swift in Sources */ = {isa = PBXBuildFile; fileRef = 9A021F07CBFDD3F53C7A8051 /* JourneyDataService.swift */; };
		38EC890DD311A4D188CFF83E /* Journey.swift in Sources */ = {isa = PBXBuildFile; fileRef = C746D1EAB39D05C145E990A6 /* Journey.swift */; };
		39BE0360B1760E02615FEEFD /* TrainIcon.swift in Sources */ = {isa = PBXBuildFile; fileRef = ABC6762BE7529F0F88A22AE3 /* TrainIcon.swift */; };
		3B4F92AA54D715F9C93D7244 /* OHHTTPStubsSwift in Frameworks */ = {isa = PBXBuildFile; productRef = 56C7F6232F7EA72EECA3F3DA /* OHHTTPStubsSwift */; };
		3BB25C9492436AA4C397FF94 /* RefundFlowFeature.swift in Sources */ = {isa = PBXBuildFile; fileRef = 613A81141E17AEF6DA7462D7 /* RefundFlowFeature.swift */; };
		3D961645E4C0CF986720952D /* MapView.swift in Sources */ = {isa = PBXBuildFile; fileRef = 858E5570D756DAB4C01D2D7B /* MapView.swift */; };
		3E3B5AC14679E5A779C483EB /* VehicleJourneyService.swift in Sources */ = {isa = PBXBuildFile; fileRef = 2DDA5976FF900E08791F4B10 /* VehicleJourneyService.swift */; };
		40FD0B8F4E1924E0CCA3C38C /* SearchResultsClient.swift in Sources */ = {isa = PBXBuildFile; fileRef = 8A2AF1E393AE4D9362A1288E /* SearchResultsClient.swift */; };
		4160CE17A1ED470CAA99E83C /* EmptyListJourneyView.swift in Sources */ = {isa = PBXBuildFile; fileRef = DA7F2EEB6DC39D2D6B975517 /* EmptyListJourneyView.swift */; };
		418E71A9E04B4B81629E635F /* JourneyDetailView.swift in Sources */ = {isa = PBXBuildFile; fileRef = 9A0947289B14C6281C15A66C /* JourneyDetailView.swift */; };
		445BB681E880BD2DC7402FA9 /* BottomSheetFeature.swift in Sources */ = {isa = PBXBuildFile; fileRef = 1AFA3AEFA39EB7A9398D8408 /* BottomSheetFeature.swift */; };
		47BDC01908B9A1DAB6D70E08 /* DateRow.swift in Sources */ = {isa = PBXBuildFile; fileRef = ACC31C6D465A7F590D752268 /* DateRow.swift */; };
		491A68D8831C9690DC0FB924 /* RefundEligibilityTests.swift in Sources */ = {isa = PBXBuildFile; fileRef = 3229527528B849B6566690D8 /* RefundEligibilityTests.swift */; };
		4DC2529E0BD6B6CECA6686C1 /* JourneyFilterClient.swift in Sources */ = {isa = PBXBuildFile; fileRef = D9C4CFB54F09F6E6A8EFFA2C /* JourneyFilterClient.swift */; };
		502D052AA66E61B79F8A0B1E /* UKTrainParser.swift in Sources */ = {isa = PBXBuildFile; fileRef = 636EB8BC3994592EB7767017 /* UKTrainParser.swift */; };
		523C35C99390C21127C16665 /* OHHTTPStubs in Frameworks */ = {isa = PBXBuildFile; productRef = AC4CAFD81B22DE5528812781 /* OHHTTPStubs */; };
		54049F69D835C83A29F49BAF /* StringParserService.swift in Sources */ = {isa = PBXBuildFile; fileRef = F3ED15BDED9C9B12448E8B9C /* StringParserService.swift */; };
		561BBB54063A2CEF9949F9D0 /* TrainIdentifierParserClient.swift in Sources */ = {isa = PBXBuildFile; fileRef = 3ED2350EB21DEAF3DA1E292E /* TrainIdentifierParserClient.swift */; };
		567A990DEF4D80F08511CA18 /* JourneyRowDataSource.swift in Sources */ = {isa = PBXBuildFile; fileRef = D4AF211120BE9EC3EE9133AB /* JourneyRowDataSource.swift */; };
		5865B45D633451C9EF3B8A1A /* AccountView.swift in Sources */ = {isa = PBXBuildFile; fileRef = 5D04B6A9073CA60ABA169781 /* AccountView.swift */; };
		59BF12783FB57BBDDE2C1220 /* SearchResult.swift in Sources */ = {isa = PBXBuildFile; fileRef = 04C243A3A62B2FE2ECFAA6DB /* SearchResult.swift */; };
		6425DF6A78F603CFEB4BE2B2 /* ClaimRegistry.swift in Sources */ = {isa = PBXBuildFile; fileRef = EE8F3B56AE6FFD5DAEA9434D /* ClaimRegistry.swift */; };
		651CD4CA9C8CB48E8671B1F2 /* DateFormatterClient.swift in Sources */ = {isa = PBXBuildFile; fileRef = FDAD892E047A20A5DC256577 /* DateFormatterClient.swift */; };
		6532F0B938820812140607C2 /* TrainParserTests.swift in Sources */ = {isa = PBXBuildFile; fileRef = 5B81D9677388A75E034072D8 /* TrainParserTests.swift */; };
		6558FB2E1FC2DD2E6BA36AEF /* TrainParser.swift in Sources */ = {isa = PBXBuildFile; fileRef = B753C7151A285AF68F112D52 /* TrainParser.swift */; };
		6601AC2A3B075A5568339FB7 /* Localizable.xcstrings in Resources */ = {isa = PBXBuildFile; fileRef = BA04FA190F4ABC19689F8E0C /* Localizable.xcstrings */; };
		663BF5E481F9F63337ACEEB9 /* JourneyHeaderView.swift in Sources */ = {isa = PBXBuildFile; fileRef = F3828E96BCDBEE3E532D63F1 /* JourneyHeaderView.swift */; };
		66D54993D3CB6EE955AFF9D3 /* JourneyRowViewModel.swift in Sources */ = {isa = PBXBuildFile; fileRef = 2425E98306760391C7732ADC /* JourneyRowViewModel.swift */; };
		6A33435207272297DB6CC67F /* JourneyFilterService.swift in Sources */ = {isa = PBXBuildFile; fileRef = 239A93E21DF92D2CBB37F7E3 /* JourneyFilterService.swift */; };
		6A9AB3CE6A66D15D675E5DC5 /* InfoCard.swift in Sources */ = {isa = PBXBuildFile; fileRef = 7E32D696780B8BF955EC2911 /* InfoCard.swift */; };
		6BF9F69FA94619A1025F395C /* RailMapiOSApp.swift in Sources */ = {isa = PBXBuildFile; fileRef = 9F209F1298594FCC032126DE /* RailMapiOSApp.swift */; };
		7034C794EAA1DEC8D4D52D3D /* SearchResultsService.swift in Sources */ = {isa = PBXBuildFile; fileRef = 1EB68D0007F8F1CA3C6BE44D /* SearchResultsService.swift */; };
		758AE03336AFEE14034A2DB4 /* Helpers in Frameworks */ = {isa = PBXBuildFile; productRef = 7E251E8B71E7059433E27B04 /* Helpers */; };
		7731C7E195BEC5A4BEDF53D3 /* DataControllerClient.swift in Sources */ = {isa = PBXBuildFile; fileRef = F663CEDCF539A86C2DB233FF /* DataControllerClient.swift */; };
		7A43D13FB7A3C5F8FCEA83CB /* DateText.swift in Sources */ = {isa = PBXBuildFile; fileRef = 27611039302B040FEB808624 /* DateText.swift */; };
		7A934DCA44F68155F295B1AE /* GenericTrainParser.swift in Sources */ = {isa = PBXBuildFile; fileRef = C5FE3FC509DC4E7B3B3D6442 /* GenericTrainParser.swift */; };
		7BBF610B89DBED48E085000D /* TermsAndPrivacyView.swift in Sources */ = {isa = PBXBuildFile; fileRef = 0F2ED11FDEC5D730998D3E08 /* TermsAndPrivacyView.swift */; };
		7F3B4FAC1BE0035C315AA67B /* JourneyStatusBadge.swift in Sources */ = {isa = PBXBuildFile; fileRef = F11CDFE30E3BA126A3B144C4 /* JourneyStatusBadge.swift */; };
		7FC2BCD7665B03A37DE62ACD /* DurationView.swift in Sources */ = {isa = PBXBuildFile; fileRef = 97A09DBFF61D413960ACAD42 /* DurationView.swift */; };
		8200BD63BABDDF69901D8EDE /* SignInFeature.swift in Sources */ = {isa = PBXBuildFile; fileRef = FA9F7B0E21EDB0535AC981A6 /* SignInFeature.swift */; };
		82100FFD349A7755739A237F /* MockJourneyFactory.swift in Sources */ = {isa = PBXBuildFile; fileRef = 2348309E9F0096DABA0C1F2C /* MockJourneyFactory.swift */; };
		822CDDFA483EC2D1CD102DF7 /* OperatorContact.swift in Sources */ = {isa = PBXBuildFile; fileRef = C7435FD5F302C35E63DA489E /* OperatorContact.swift */; };
		84D14270F21BCD77A498280D /* RealtimeClient.swift in Sources */ = {isa = PBXBuildFile; fileRef = 0ACF5939C21D379DAEAEA594 /* RealtimeClient.swift */; };
		877155A46558AC7BC436A136 /* RouteGeometryService.swift in Sources */ = {isa = PBXBuildFile; fileRef = C7386F000FEEE69F595FAFA9 /* RouteGeometryService.swift */; };
		8A47F02DF81F2F7CDEA41399 /* VehicleJourneyClient.swift in Sources */ = {isa = PBXBuildFile; fileRef = 498EBBDAB8FF606A570FC043 /* VehicleJourneyClient.swift */; };
		8A52D575FFAF0676683F479C /* ClaimRules.swift in Sources */ = {isa = PBXBuildFile; fileRef = C100DB417586BFE122BCD1C2 /* ClaimRules.swift */; };
		8A6E7B66E7F201A60FA8BDF3 /* PositionEstimator.swift in Sources */ = {isa = PBXBuildFile; fileRef = AA7B1226B7AC0D204FBB93CD /* PositionEstimator.swift */; };
		8A7320BD1448D7595488247C /* StopInfoSD.swift in Sources */ = {isa = PBXBuildFile; fileRef = 8C3D46DA2ABD11947B62247A /* StopInfoSD.swift */; };
		8BBD9340FB2FD8B55D5CBF7B /* StationLabel.swift in Sources */ = {isa = PBXBuildFile; fileRef = 33DC6EF31A52472DBD6A8E19 /* StationLabel.swift */; };
		8C97B5704D18BE53D9E00A21 /* SearchResultRow.swift in Sources */ = {isa = PBXBuildFile; fileRef = 88A7CBB1F4FBC1ACA67977F8 /* SearchResultRow.swift */; };
		9050FDDAFC36E38596BE633C /* MapService.swift in Sources */ = {isa = PBXBuildFile; fileRef = B6233A2247A59DCAE7DF76DF /* MapService.swift */; };
		920A14BBA32C8A962A75B4FA /* AppView.swift in Sources */ = {isa = PBXBuildFile; fileRef = F3F6D35CB882F21915C9076B /* AppView.swift */; };
		929574B644AE4B137ED4A934 /* SNCFG30InternationalRules.swift in Sources */ = {isa = PBXBuildFile; fileRef = 3C37579CC1D5EE5A5BC1CBE8 /* SNCFG30InternationalRules.swift */; };
		93605A191268B288D2C3EFA3 /* SavedJourneyBadge.swift in Sources */ = {isa = PBXBuildFile; fileRef = 23A8655856D99996A4EAC6B2 /* SavedJourneyBadge.swift */; };
		96A27CCA26895616C8D50BCE /* GeocoderClient.swift in Sources */ = {isa = PBXBuildFile; fileRef = 69F450A069AC027B4B524A14 /* GeocoderClient.swift */; };
		97F18F0E3ADE8BE87904DF94 /* Preview Assets.xcassets in Resources */ = {isa = PBXBuildFile; fileRef = 55BCD0205832989CB2C111FF /* Preview Assets.xcassets */; };
		993917CAD8E0817E4983CF2B /* APIKeys.example.swift in Sources */ = {isa = PBXBuildFile; fileRef = ADF83258B0FAFA95A75E08CA /* APIKeys.example.swift */; };
		9BFAF15769154F10C82A5A30 /* SNCFG30Rules.swift in Sources */ = {isa = PBXBuildFile; fileRef = BC8A02FD211280A53CE2C2FB /* SNCFG30Rules.swift */; };
		9D4EEE053C29F0071C26E2E4 /* DateFormatterService.swift in Sources */ = {isa = PBXBuildFile; fileRef = EFF3725A124319679EDEE37B /* DateFormatterService.swift */; };
		9F02AAD34AFDAA3DEF1447B3 /* RealtimeService.swift in Sources */ = {isa = PBXBuildFile; fileRef = 8468EB4AFCE47F2753FC7ED2 /* RealtimeService.swift */; };
		A05B87D14DC5D12902D0A6F5 /* VehicleJourneysModel.swift in Sources */ = {isa = PBXBuildFile; fileRef = A9F86A5BC0A0D5D644CDFE01 /* VehicleJourneysModel.swift */; };
		A0F766F01C42B7F6BF394B85 /* JourneyRowView.swift in Sources */ = {isa = PBXBuildFile; fileRef = FB9088CEFBBCAE271DBA6F8A /* JourneyRowView.swift */; };
		A19835942DC54BC384B7E9EE /* ComposableArchitecture in Frameworks */ = {isa = PBXBuildFile; productRef = 01D88139408D450DEDE60A1B /* ComposableArchitecture */; };
		A6B768127FB6F381263303F5 /* CompositeTrainParser.swift in Sources */ = {isa = PBXBuildFile; fileRef = AF4B174691222490F0F6348B /* CompositeTrainParser.swift */; };
		A7D33413114034BF928DFFDE /* MapClient.swift in Sources */ = {isa = PBXBuildFile; fileRef = 84C3012B20C2A4DCDF723BF3 /* MapClient.swift */; };
		A87F1CDE1C86D30BA08D26B7 /* ClockIcon.swift in Sources */ = {isa = PBXBuildFile; fileRef = F070D96178C8D25D6AF725D7 /* ClockIcon.swift */; };
		A8E1686DE707CE11A8D68B01 /* TuistAssets+RailMapiOS.swift in Sources */ = {isa = PBXBuildFile; fileRef = E51DC45BC97059A0A15F558D /* TuistAssets+RailMapiOS.swift */; };
		A92C1FA5A4069FD96AE06571 /* AccessibilityID.swift in Sources */ = {isa = PBXBuildFile; fileRef = 6FDD54364A911CA48E54C8AF /* AccessibilityID.swift */; };
		A9A5E031B1B244C15DB85BDF /* NewJourneyModel.swift in Sources */ = {isa = PBXBuildFile; fileRef = 675C1A10B0CD9858D003D650 /* NewJourneyModel.swift */; };
		AB7E9D5D66D5DF511445ED8D /* TrainIdentifier.swift in Sources */ = {isa = PBXBuildFile; fileRef = 9ED2AB0194D377684B0EC820 /* TrainIdentifier.swift */; };
		B04EEBCAE85E991B3BB53929 /* UserStorage.swift in Sources */ = {isa = PBXBuildFile; fileRef = D7562E9E44EA19A816A286A7 /* UserStorage.swift */; };
		B076F68A7E3070F8AB278B20 /* DelayBanner.swift in Sources */ = {isa = PBXBuildFile; fileRef = 05D2C6C15F5A1EC5FBC689D7 /* DelayBanner.swift */; };
		B12A0E9B23398F084B6C98E7 /* Logger.swift in Sources */ = {isa = PBXBuildFile; fileRef = 5FB03BDBEC2B5690745D390B /* Logger.swift */; };
		B6FC47A3CBF2F5EFE9753CCB /* JourneyDetailFeature.swift in Sources */ = {isa = PBXBuildFile; fileRef = E1C52B01342BCB62AD2D708D /* JourneyDetailFeature.swift */; };
		B7342AD2417540D08BD24E4A /* JourneyDetails.swift in Sources */ = {isa = PBXBuildFile; fileRef = 26715D26F442F91E5006F92F /* JourneyDetails.swift */; };
		B9EE4F97FD67AC41984AC7B8 /* SavedJourneyRow.swift in Sources */ = {isa = PBXBuildFile; fileRef = 40B443231D04DFF2E474EAE6 /* SavedJourneyRow.swift */; };
		BBC8CDA168173B90C91B01F5 /* DepartureStatusView.swift in Sources */ = {isa = PBXBuildFile; fileRef = 5D88E1964741F83ACC9CD3E4 /* DepartureStatusView.swift */; };
		BBFBD80C7D1B491EC21EAE0D /* StationView.swift in Sources */ = {isa = PBXBuildFile; fileRef = 88EC15022E746D349E4C9B3D /* StationView.swift */; };
		BC053432A6F5BC9030133FCF /* CompanyLogo.swift in Sources */ = {isa = PBXBuildFile; fileRef = 5C48EC3E26A96904215273AE /* CompanyLogo.swift */; };
		BC40EC16F3509B378705D675 /* RefundFlowView.swift in Sources */ = {isa = PBXBuildFile; fileRef = 041ABC0EE9C6E7F025515C62 /* RefundFlowView.swift */; };
		BCB46F352E8434777C71704A /* CFFRules.swift in Sources */ = {isa = PBXBuildFile; fileRef = 3EB7444544C6BC958E7986CC /* CFFRules.swift */; };
		BD74FEB5C406BECBC6CD2367 /* Helpers in Frameworks */ = {isa = PBXBuildFile; productRef = 2BA524F6EF416B27CCA98329 /* Helpers */; };
		C2BDE32EEF44592AD9B66BD2 /* StationPickerView.swift in Sources */ = {isa = PBXBuildFile; fileRef = 5F964E4E8A300A519005EC01 /* StationPickerView.swift */; };
		C49B962A8A08B9A78513906A /* APIConfiguration.swift in Sources */ = {isa = PBXBuildFile; fileRef = C345E7AD75BDF57432884D44 /* APIConfiguration.swift */; };
		C5C42CE60273C1091AD3C53B /* RealtimeStatus.swift in Sources */ = {isa = PBXBuildFile; fileRef = ECCC6E6EC6930FDFA03FD553 /* RealtimeStatus.swift */; };
		C7C71A38660DE156C4AE6788 /* Stop.swift in Sources */ = {isa = PBXBuildFile; fileRef = AE3C4C1C9A4FB22D6D254289 /* Stop.swift */; };
		C897B47FD1FB5FBC44EFCF60 /* AppDelegate.swift in Sources */ = {isa = PBXBuildFile; fileRef = 97B2B546459EE152FEF9B0BA /* AppDelegate.swift */; };
		CAC6F2C9B8CD31137390C2DB /* TuistBundle+RailMapiOS.swift in Sources */ = {isa = PBXBuildFile; fileRef = 806E82B6AA4AEEE8C08CA124 /* TuistBundle+RailMapiOS.swift */; };
		CECD7639CC185CF75EEF6EE0 /* SNCFTrainParser.swift in Sources */ = {isa = PBXBuildFile; fileRef = 051784C6667BBE65B5F2461D /* SNCFTrainParser.swift */; };
		CFD0F9AF15EA2A65054A1B24 /* BottomSheetView.swift in Sources */ = {isa = PBXBuildFile; fileRef = A251A30D989D02F4B344A856 /* BottomSheetView.swift */; };
		D23809D4FCEA7DA818C2CB28 /* StationRow.swift in Sources */ = {isa = PBXBuildFile; fileRef = A665019D72B4D25A15CF001C /* StationRow.swift */; };
		D42694CCCA7280784053FD96 /* MapKitView.swift in Sources */ = {isa = PBXBuildFile; fileRef = F0013DFA1ECDE70189171A68 /* MapKitView.swift */; };
		D5127B09E1C98127AE117B6B /* AppFeature.swift in Sources */ = {isa = PBXBuildFile; fileRef = A5C312D3D592DDDF7BA766FD /* AppFeature.swift */; };
		D6857D2F2C178E05476AD0EC /* RouteGeometryClient.swift in Sources */ = {isa = PBXBuildFile; fileRef = 3D1FC26CDBA325361410A1A1 /* RouteGeometryClient.swift */; };
		D78363CB88F70B1E6DA47AEE /* RefundBanner.swift in Sources */ = {isa = PBXBuildFile; fileRef = 720C979D9ECDC8324AFA644A /* RefundBanner.swift */; };
		DA1DA446D8EFC0C2820BDE4D /* User.swift in Sources */ = {isa = PBXBuildFile; fileRef = C234D8568BDA83252BFECA78 /* User.swift */; };
		DA31E4DAA9361C3F20A3347D /* MapFeature.swift in Sources */ = {isa = PBXBuildFile; fileRef = 7C77804C9BF16940048417A2 /* MapFeature.swift */; };
		DDEB5DAECB34FCD6A9BE336D /* JourneyDataClient.swift in Sources */ = {isa = PBXBuildFile; fileRef = 197D5186102E7D73F92A1D2F /* JourneyDataClient.swift */; };
		E01D0E644BED993E2F91DD1A /* TERRegionalRules.swift in Sources */ = {isa = PBXBuildFile; fileRef = BCA46F9AD027F6CC2B037C66 /* TERRegionalRules.swift */; };
		EC5039B27C29972495A750F4 /* OHHTTPStubs in Frameworks */ = {isa = PBXBuildFile; productRef = 8B31B38C97ED8F2587F97D29 /* OHHTTPStubs */; };
		EFA87CD44F619E7543F78FAD /* OperatorContactsCard.swift in Sources */ = {isa = PBXBuildFile; fileRef = 302BBD5AEA747C4A93507702 /* OperatorContactsCard.swift */; };
		F29F572F3FCA77C9D213F79B /* TrainRoute.swift in Sources */ = {isa = PBXBuildFile; fileRef = 1E20E2A59825E9122A9DA71C /* TrainRoute.swift */; };
		F2EE9A5A94367F5874B254AE /* SignInView.swift in Sources */ = {isa = PBXBuildFile; fileRef = 9C1D70A37468480C1CF29289 /* SignInView.swift */; };
		F69769B0D54780CD3FBC2BE0 /* ConfirmationPickerView.swift in Sources */ = {isa = PBXBuildFile; fileRef = 92DB64CE12E89C8C664171D1 /* ConfirmationPickerView.swift */; };
		F7267D6E129B1AFC8A6544B7 /* AccountFeature.swift in Sources */ = {isa = PBXBuildFile; fileRef = 2A70D6155D25C08F8F9B1008 /* AccountFeature.swift */; };
		F7BB4AC6D0AB42ED35648964 /* DBTrainParser.swift in Sources */ = {isa = PBXBuildFile; fileRef = 4F283C85A04498D8A600C5CC /* DBTrainParser.swift */; };
		F9B9152F6DCFE428D46101F2 /* Helpers in Frameworks */ = {isa = PBXBuildFile; productRef = B84FBECDF06B2687B7C68274 /* Helpers */; };
		FAABBC5C9A7998ABBCC66E27 /* OUIGORules.swift in Sources */ = {isa = PBXBuildFile; fileRef = A790788501A864FA56D019D6 /* OUIGORules.swift */; };
		FEC52261390F89EA6F5E9E9E /* TrainTravelSummaryCard.swift in Sources */ = {isa = PBXBuildFile; fileRef = D96392A880A67BC4A9960D69 /* TrainTravelSummaryCard.swift */; };
		FEF5C7D189895CFF0BD6802D /* DatePickerFeature.swift in Sources */ = {isa = PBXBuildFile; fileRef = 25A855A2EEF61673ED417B59 /* DatePickerFeature.swift */; };
/* End PBXBuildFile section */

/* Begin PBXContainerItemProxy section */
		56BE5E10A9E987CA6DDA1850 /* PBXContainerItemProxy */ = {
			isa = PBXContainerItemProxy;
			containerPortal = 8C967F8E3DEDBC18C8BB225D /* Project object */;
			proxyType = 1;
			remoteGlobalIDString = 0A7C606393CF89401817375C;
			remoteInfo = RailMapiOS;
		};
		E4B12094110A746D5D8DA83C /* PBXContainerItemProxy */ = {
			isa = PBXContainerItemProxy;
			containerPortal = 8C967F8E3DEDBC18C8BB225D /* Project object */;
			proxyType = 1;
			remoteGlobalIDString = 0A7C606393CF89401817375C;
			remoteInfo = RailMapiOS;
		};
/* End PBXContainerItemProxy section */

/* Begin PBXCopyFilesBuildPhase section */
		332DE44F75FE245CEA5AF39C /* Embed Frameworks */ = {
			isa = PBXCopyFilesBuildPhase;
			buildActionMask = 2147483647;
			dstPath = "";
			dstSubfolderSpec = 10;
			files = (
			);
			name = "Embed Frameworks";
			runOnlyForDeploymentPostprocessing = 0;
		};
		C276BBC79BCFFC895A620344 /* Embed Frameworks */ = {
			isa = PBXCopyFilesBuildPhase;
			buildActionMask = 2147483647;
			dstPath = "";
			dstSubfolderSpec = 10;
			files = (
			);
			name = "Embed Frameworks";
			runOnlyForDeploymentPostprocessing = 0;
		};
		DADFCF6EFF31967B3605C6D4 /* Embed Frameworks */ = {
			isa = PBXCopyFilesBuildPhase;
			buildActionMask = 2147483647;
			dstPath = "";
			dstSubfolderSpec = 10;
			files = (
			);
			name = "Embed Frameworks";
			runOnlyForDeploymentPostprocessing = 0;
		};
/* End PBXCopyFilesBuildPhase section */

/* Begin PBXFileReference section */
		0031F231D734849B7FFD67C8 /* LaunchScreen.storyboard */ = {isa = PBXFileReference; lastKnownFileType = file.storyboard; path = LaunchScreen.storyboard; sourceTree = "<group>"; };
		014011F4C3CAD2CD786779EE /* JourneyTimes.swift */ = {isa = PBXFileReference; lastKnownFileType = sourcecode.swift; path = JourneyTimes.swift; sourceTree = "<group>"; };
		03FE0E979B75964FBA0E5749 /* StationPickerFeature.swift */ = {isa = PBXFileReference; lastKnownFileType = sourcecode.swift; path = StationPickerFeature.swift; sourceTree = "<group>"; };
		041ABC0EE9C6E7F025515C62 /* RefundFlowView.swift */ = {isa = PBXFileReference; lastKnownFileType = sourcecode.swift; path = RefundFlowView.swift; sourceTree = "<group>"; };
		04C243A3A62B2FE2ECFAA6DB /* SearchResult.swift */ = {isa = PBXFileReference; lastKnownFileType = sourcecode.swift; path = SearchResult.swift; sourceTree = "<group>"; };
		051784C6667BBE65B5F2461D /* SNCFTrainParser.swift */ = {isa = PBXFileReference; lastKnownFileType = sourcecode.swift; path = SNCFTrainParser.swift; sourceTree = "<group>"; };
		05D2C6C15F5A1EC5FBC689D7 /* DelayBanner.swift */ = {isa = PBXFileReference; lastKnownFileType = sourcecode.swift; path = DelayBanner.swift; sourceTree = "<group>"; };
		0ACF5939C21D379DAEAEA594 /* RealtimeClient.swift */ = {isa = PBXFileReference; lastKnownFileType = sourcecode.swift; path = RealtimeClient.swift; sourceTree = "<group>"; };
		0F2ED11FDEC5D730998D3E08 /* TermsAndPrivacyView.swift */ = {isa = PBXFileReference; lastKnownFileType = sourcecode.swift; path = TermsAndPrivacyView.swift; sourceTree = "<group>"; };
		13EF88BEFA80670F2558853A /* RailMapiOSUITests-Info.plist */ = {isa = PBXFileReference; lastKnownFileType = text.plist; path = "RailMapiOSUITests-Info.plist"; sourceTree = "<group>"; };
		197D5186102E7D73F92A1D2F /* JourneyDataClient.swift */ = {isa = PBXFileReference; lastKnownFileType = sourcecode.swift; path = JourneyDataClient.swift; sourceTree = "<group>"; };
		1AFA3AEFA39EB7A9398D8408 /* BottomSheetFeature.swift */ = {isa = PBXFileReference; lastKnownFileType = sourcecode.swift; path = BottomSheetFeature.swift; sourceTree = "<group>"; };
		1E20E2A59825E9122A9DA71C /* TrainRoute.swift */ = {isa = PBXFileReference; lastKnownFileType = sourcecode.swift; path = TrainRoute.swift; sourceTree = "<group>"; };
		1EB68D0007F8F1CA3C6BE44D /* SearchResultsService.swift */ = {isa = PBXFileReference; lastKnownFileType = sourcecode.swift; path = SearchResultsService.swift; sourceTree = "<group>"; };
		2348309E9F0096DABA0C1F2C /* MockJourneyFactory.swift */ = {isa = PBXFileReference; lastKnownFileType = sourcecode.swift; path = MockJourneyFactory.swift; sourceTree = "<group>"; };
		239A93E21DF92D2CBB37F7E3 /* JourneyFilterService.swift */ = {isa = PBXFileReference; lastKnownFileType = sourcecode.swift; path = JourneyFilterService.swift; sourceTree = "<group>"; };
		23A8655856D99996A4EAC6B2 /* SavedJourneyBadge.swift */ = {isa = PBXFileReference; lastKnownFileType = sourcecode.swift; path = SavedJourneyBadge.swift; sourceTree = "<group>"; };
		2425E98306760391C7732ADC /* JourneyRowViewModel.swift */ = {isa = PBXFileReference; lastKnownFileType = sourcecode.swift; path = JourneyRowViewModel.swift; sourceTree = "<group>"; };
		25A855A2EEF61673ED417B59 /* DatePickerFeature.swift */ = {isa = PBXFileReference; lastKnownFileType = sourcecode.swift; path = DatePickerFeature.swift; sourceTree = "<group>"; };
		26715D26F442F91E5006F92F /* JourneyDetails.swift */ = {isa = PBXFileReference; lastKnownFileType = sourcecode.swift; path = JourneyDetails.swift; sourceTree = "<group>"; };
		27611039302B040FEB808624 /* DateText.swift */ = {isa = PBXFileReference; lastKnownFileType = sourcecode.swift; path = DateText.swift; sourceTree = "<group>"; };
		293B08E4B735257A48FC4B68 /* DatePickerView.swift */ = {isa = PBXFileReference; lastKnownFileType = sourcecode.swift; path = DatePickerView.swift; sourceTree = "<group>"; };
		29DCC8711A5AFE25FCDDD699 /* Assets.xcassets */ = {isa = PBXFileReference; lastKnownFileType = folder.assetcatalog; path = Assets.xcassets; sourceTree = "<group>"; };
		2A70D6155D25C08F8F9B1008 /* AccountFeature.swift */ = {isa = PBXFileReference; lastKnownFileType = sourcecode.swift; path = AccountFeature.swift; sourceTree = "<group>"; };
		2DDA5976FF900E08791F4B10 /* VehicleJourneyService.swift */ = {isa = PBXFileReference; lastKnownFileType = sourcecode.swift; path = VehicleJourneyService.swift; sourceTree = "<group>"; };
		302BBD5AEA747C4A93507702 /* OperatorContactsCard.swift */ = {isa = PBXFileReference; lastKnownFileType = sourcecode.swift; path = OperatorContactsCard.swift; sourceTree = "<group>"; };
		30913B157AB7A1BEA75C5D74 /* RailMapiOSDebug.entitlements */ = {isa = PBXFileReference; lastKnownFileType = text.plist.entitlements; path = RailMapiOSDebug.entitlements; sourceTree = "<group>"; };
		3229527528B849B6566690D8 /* RefundEligibilityTests.swift */ = {isa = PBXFileReference; lastKnownFileType = sourcecode.swift; path = RefundEligibilityTests.swift; sourceTree = "<group>"; };
		33DC6EF31A52472DBD6A8E19 /* StationLabel.swift */ = {isa = PBXFileReference; lastKnownFileType = sourcecode.swift; path = StationLabel.swift; sourceTree = "<group>"; };
		37AA84E5F8A98891935AF10D /* Helpers */ = {isa = PBXFileReference; lastKnownFileType = folder; name = Helpers; path = RailMapiOS/Packages/Helpers; sourceTree = "<group>"; };
		3C37579CC1D5EE5A5BC1CBE8 /* SNCFG30InternationalRules.swift */ = {isa = PBXFileReference; lastKnownFileType = sourcecode.swift; path = SNCFG30InternationalRules.swift; sourceTree = "<group>"; };
		3D1FC26CDBA325361410A1A1 /* RouteGeometryClient.swift */ = {isa = PBXFileReference; lastKnownFileType = sourcecode.swift; path = RouteGeometryClient.swift; sourceTree = "<group>"; };
		3EB7444544C6BC958E7986CC /* CFFRules.swift */ = {isa = PBXFileReference; lastKnownFileType = sourcecode.swift; path = CFFRules.swift; sourceTree = "<group>"; };
		3ED2350EB21DEAF3DA1E292E /* TrainIdentifierParserClient.swift */ = {isa = PBXFileReference; lastKnownFileType = sourcecode.swift; path = TrainIdentifierParserClient.swift; sourceTree = "<group>"; };
		40B443231D04DFF2E474EAE6 /* SavedJourneyRow.swift */ = {isa = PBXFileReference; lastKnownFileType = sourcecode.swift; path = SavedJourneyRow.swift; sourceTree = "<group>"; };
		498EBBDAB8FF606A570FC043 /* VehicleJourneyClient.swift */ = {isa = PBXFileReference; lastKnownFileType = sourcecode.swift; path = VehicleJourneyClient.swift; sourceTree = "<group>"; };
		4F283C85A04498D8A600C5CC /* DBTrainParser.swift */ = {isa = PBXFileReference; lastKnownFileType = sourcecode.swift; path = DBTrainParser.swift; sourceTree = "<group>"; };
		55BCD0205832989CB2C111FF /* Preview Assets.xcassets */ = {isa = PBXFileReference; lastKnownFileType = folder.assetcatalog; path = "Preview Assets.xcassets"; sourceTree = "<group>"; };
		56796761952ADD4497666BFA /* AddJourneyUITests.swift */ = {isa = PBXFileReference; lastKnownFileType = sourcecode.swift; path = AddJourneyUITests.swift; sourceTree = "<group>"; };
		58E5DCB89A6A9966D527DF79 /* RailMapiOS.app */ = {isa = PBXFileReference; explicitFileType = wrapper.application; includeInIndex = 0; path = RailMapiOS.app; sourceTree = BUILT_PRODUCTS_DIR; };
		5B81D9677388A75E034072D8 /* TrainParserTests.swift */ = {isa = PBXFileReference; lastKnownFileType = sourcecode.swift; path = TrainParserTests.swift; sourceTree = "<group>"; };
		5C48EC3E26A96904215273AE /* CompanyLogo.swift */ = {isa = PBXFileReference; lastKnownFileType = sourcecode.swift; path = CompanyLogo.swift; sourceTree = "<group>"; };
		5D04B6A9073CA60ABA169781 /* AccountView.swift */ = {isa = PBXFileReference; lastKnownFileType = sourcecode.swift; path = AccountView.swift; sourceTree = "<group>"; };
		5D88E1964741F83ACC9CD3E4 /* DepartureStatusView.swift */ = {isa = PBXFileReference; lastKnownFileType = sourcecode.swift; path = DepartureStatusView.swift; sourceTree = "<group>"; };
		5F964E4E8A300A519005EC01 /* StationPickerView.swift */ = {isa = PBXFileReference; lastKnownFileType = sourcecode.swift; path = StationPickerView.swift; sourceTree = "<group>"; };
		5FB03BDBEC2B5690745D390B /* Logger.swift */ = {isa = PBXFileReference; lastKnownFileType = sourcecode.swift; path = Logger.swift; sourceTree = "<group>"; };
		613A81141E17AEF6DA7462D7 /* RefundFlowFeature.swift */ = {isa = PBXFileReference; lastKnownFileType = sourcecode.swift; path = RefundFlowFeature.swift; sourceTree = "<group>"; };
		636EB8BC3994592EB7767017 /* UKTrainParser.swift */ = {isa = PBXFileReference; lastKnownFileType = sourcecode.swift; path = UKTrainParser.swift; sourceTree = "<group>"; };
		675C1A10B0CD9858D003D650 /* NewJourneyModel.swift */ = {isa = PBXFileReference; lastKnownFileType = sourcecode.swift; path = NewJourneyModel.swift; sourceTree = "<group>"; };
		69F450A069AC027B4B524A14 /* GeocoderClient.swift */ = {isa = PBXFileReference; lastKnownFileType = sourcecode.swift; path = GeocoderClient.swift; sourceTree = "<group>"; };
		6C205D0243AB6E3D5E2B5FBB /* RailMapiOSTests-Info.plist */ = {isa = PBXFileReference; lastKnownFileType = text.plist; path = "RailMapiOSTests-Info.plist"; sourceTree = "<group>"; };
		6FDD54364A911CA48E54C8AF /* AccessibilityID.swift */ = {isa = PBXFileReference; lastKnownFileType = sourcecode.swift; path = AccessibilityID.swift; sourceTree = "<group>"; };
		720C979D9ECDC8324AFA644A /* RefundBanner.swift */ = {isa = PBXFileReference; lastKnownFileType = sourcecode.swift; path = RefundBanner.swift; sourceTree = "<group>"; };
		7477574B27CBCBD23083BD46 /* RailMapiOSUITests.xctest */ = {isa = PBXFileReference; explicitFileType = wrapper.cfbundle; includeInIndex = 0; path = RailMapiOSUITests.xctest; sourceTree = BUILT_PRODUCTS_DIR; };
		7C77804C9BF16940048417A2 /* MapFeature.swift */ = {isa = PBXFileReference; lastKnownFileType = sourcecode.swift; path = MapFeature.swift; sourceTree = "<group>"; };
		7D564FFC35E4A67CC1B9AAF8 /* APIKeys.swift */ = {isa = PBXFileReference; lastKnownFileType = sourcecode.swift; path = APIKeys.swift; sourceTree = "<group>"; };
		7E32D696780B8BF955EC2911 /* InfoCard.swift */ = {isa = PBXFileReference; lastKnownFileType = sourcecode.swift; path = InfoCard.swift; sourceTree = "<group>"; };
		806E82B6AA4AEEE8C08CA124 /* TuistBundle+RailMapiOS.swift */ = {isa = PBXFileReference; lastKnownFileType = sourcecode.swift; path = "TuistBundle+RailMapiOS.swift"; sourceTree = "<group>"; };
		8468EB4AFCE47F2753FC7ED2 /* RealtimeService.swift */ = {isa = PBXFileReference; lastKnownFileType = sourcecode.swift; path = RealtimeService.swift; sourceTree = "<group>"; };
		84C3012B20C2A4DCDF723BF3 /* MapClient.swift */ = {isa = PBXFileReference; lastKnownFileType = sourcecode.swift; path = MapClient.swift; sourceTree = "<group>"; };
		858E5570D756DAB4C01D2D7B /* MapView.swift */ = {isa = PBXFileReference; lastKnownFileType = sourcecode.swift; path = MapView.swift; sourceTree = "<group>"; };
		88A7CBB1F4FBC1ACA67977F8 /* SearchResultRow.swift */ = {isa = PBXFileReference; lastKnownFileType = sourcecode.swift; path = SearchResultRow.swift; sourceTree = "<group>"; };
		88EC15022E746D349E4C9B3D /* StationView.swift */ = {isa = PBXFileReference; lastKnownFileType = sourcecode.swift; path = StationView.swift; sourceTree = "<group>"; };
		8A2AF1E393AE4D9362A1288E /* SearchResultsClient.swift */ = {isa = PBXFileReference; lastKnownFileType = sourcecode.swift; path = SearchResultsClient.swift; sourceTree = "<group>"; };
		8C3D46DA2ABD11947B62247A /* StopInfoSD.swift */ = {isa = PBXFileReference; lastKnownFileType = sourcecode.swift; path = StopInfoSD.swift; sourceTree = "<group>"; };
		8E3D6070CCE20D6BA41FEB2A /* GET_stop_ 9706_SNCF_TGV.json */ = {isa = PBXFileReference; lastKnownFileType = text.json; path = "GET_stop_ 9706_SNCF_TGV.json"; sourceTree = "<group>"; };
		92DB64CE12E89C8C664171D1 /* ConfirmationPickerView.swift */ = {isa = PBXFileReference; lastKnownFileType = sourcecode.swift; path = ConfirmationPickerView.swift; sourceTree = "<group>"; };
		9386ACF43376D45B7FD24B26 /* DataService.swift */ = {isa = PBXFileReference; lastKnownFileType = sourcecode.swift; path = DataService.swift; sourceTree = "<group>"; };
		97A09DBFF61D413960ACAD42 /* DurationView.swift */ = {isa = PBXFileReference; lastKnownFileType = sourcecode.swift; path = DurationView.swift; sourceTree = "<group>"; };
		97B2B546459EE152FEF9B0BA /* AppDelegate.swift */ = {isa = PBXFileReference; lastKnownFileType = sourcecode.swift; path = AppDelegate.swift; sourceTree = "<group>"; };
		9A021F07CBFDD3F53C7A8051 /* JourneyDataService.swift */ = {isa = PBXFileReference; lastKnownFileType = sourcecode.swift; path = JourneyDataService.swift; sourceTree = "<group>"; };
		9A0947289B14C6281C15A66C /* JourneyDetailView.swift */ = {isa = PBXFileReference; lastKnownFileType = sourcecode.swift; path = JourneyDetailView.swift; sourceTree = "<group>"; };
		9C1D70A37468480C1CF29289 /* SignInView.swift */ = {isa = PBXFileReference; lastKnownFileType = sourcecode.swift; path = SignInView.swift; sourceTree = "<group>"; };
		9ED2AB0194D377684B0EC820 /* TrainIdentifier.swift */ = {isa = PBXFileReference; lastKnownFileType = sourcecode.swift; path = TrainIdentifier.swift; sourceTree = "<group>"; };
		9F209F1298594FCC032126DE /* RailMapiOSApp.swift */ = {isa = PBXFileReference; lastKnownFileType = sourcecode.swift; path = RailMapiOSApp.swift; sourceTree = "<group>"; };
		A251A30D989D02F4B344A856 /* BottomSheetView.swift */ = {isa = PBXFileReference; lastKnownFileType = sourcecode.swift; path = BottomSheetView.swift; sourceTree = "<group>"; };
		A4CE8C7AA1E75D93901B1A98 /* VehicleMarker.swift */ = {isa = PBXFileReference; lastKnownFileType = sourcecode.swift; path = VehicleMarker.swift; sourceTree = "<group>"; };
		A5C312D3D592DDDF7BA766FD /* AppFeature.swift */ = {isa = PBXFileReference; lastKnownFileType = sourcecode.swift; path = AppFeature.swift; sourceTree = "<group>"; };
		A665019D72B4D25A15CF001C /* StationRow.swift */ = {isa = PBXFileReference; lastKnownFileType = sourcecode.swift; path = StationRow.swift; sourceTree = "<group>"; };
		A790788501A864FA56D019D6 /* OUIGORules.swift */ = {isa = PBXFileReference; lastKnownFileType = sourcecode.swift; path = OUIGORules.swift; sourceTree = "<group>"; };
		A9F86A5BC0A0D5D644CDFE01 /* VehicleJourneysModel.swift */ = {isa = PBXFileReference; lastKnownFileType = sourcecode.swift; path = VehicleJourneysModel.swift; sourceTree = "<group>"; };
		AA7B1226B7AC0D204FBB93CD /* PositionEstimator.swift */ = {isa = PBXFileReference; lastKnownFileType = sourcecode.swift; path = PositionEstimator.swift; sourceTree = "<group>"; };
		ABC6762BE7529F0F88A22AE3 /* TrainIcon.swift */ = {isa = PBXFileReference; lastKnownFileType = sourcecode.swift; path = TrainIcon.swift; sourceTree = "<group>"; };
		ACC31C6D465A7F590D752268 /* DateRow.swift */ = {isa = PBXFileReference; lastKnownFileType = sourcecode.swift; path = DateRow.swift; sourceTree = "<group>"; };
		AD3DDA694ECAF3FC1A023451 /* VerticalTimeline.swift */ = {isa = PBXFileReference; lastKnownFileType = sourcecode.swift; path = VerticalTimeline.swift; sourceTree = "<group>"; };
		ADF83258B0FAFA95A75E08CA /* APIKeys.example.swift */ = {isa = PBXFileReference; lastKnownFileType = sourcecode.swift; path = APIKeys.example.swift; sourceTree = "<group>"; };
		AE3C4C1C9A4FB22D6D254289 /* Stop.swift */ = {isa = PBXFileReference; lastKnownFileType = sourcecode.swift; path = Stop.swift; sourceTree = "<group>"; };
		AF4B174691222490F0F6348B /* CompositeTrainParser.swift */ = {isa = PBXFileReference; lastKnownFileType = sourcecode.swift; path = CompositeTrainParser.swift; sourceTree = "<group>"; };
		B3DDAE81BE3BDE10CEAD32F6 /* RailMapiOSTests.xctest */ = {isa = PBXFileReference; explicitFileType = wrapper.cfbundle; includeInIndex = 0; path = RailMapiOSTests.xctest; sourceTree = BUILT_PRODUCTS_DIR; };
		B6233A2247A59DCAE7DF76DF /* MapService.swift */ = {isa = PBXFileReference; lastKnownFileType = sourcecode.swift; path = MapService.swift; sourceTree = "<group>"; };
		B753C7151A285AF68F112D52 /* TrainParser.swift */ = {isa = PBXFileReference; lastKnownFileType = sourcecode.swift; path = TrainParser.swift; sourceTree = "<group>"; };
		BA04FA190F4ABC19689F8E0C /* Localizable.xcstrings */ = {isa = PBXFileReference; path = Localizable.xcstrings; sourceTree = "<group>"; };
		BC8A02FD211280A53CE2C2FB /* SNCFG30Rules.swift */ = {isa = PBXFileReference; lastKnownFileType = sourcecode.swift; path = SNCFG30Rules.swift; sourceTree = "<group>"; };
		BCA46F9AD027F6CC2B037C66 /* TERRegionalRules.swift */ = {isa = PBXFileReference; lastKnownFileType = sourcecode.swift; path = TERRegionalRules.swift; sourceTree = "<group>"; };
		C100DB417586BFE122BCD1C2 /* ClaimRules.swift */ = {isa = PBXFileReference; lastKnownFileType = sourcecode.swift; path = ClaimRules.swift; sourceTree = "<group>"; };
		C234D8568BDA83252BFECA78 /* User.swift */ = {isa = PBXFileReference; lastKnownFileType = sourcecode.swift; path = User.swift; sourceTree = "<group>"; };
		C345E7AD75BDF57432884D44 /* APIConfiguration.swift */ = {isa = PBXFileReference; lastKnownFileType = sourcecode.swift; path = APIConfiguration.swift; sourceTree = "<group>"; };
		C5FE3FC509DC4E7B3B3D6442 /* GenericTrainParser.swift */ = {isa = PBXFileReference; lastKnownFileType = sourcecode.swift; path = GenericTrainParser.swift; sourceTree = "<group>"; };
		C7386F000FEEE69F595FAFA9 /* RouteGeometryService.swift */ = {isa = PBXFileReference; lastKnownFileType = sourcecode.swift; path = RouteGeometryService.swift; sourceTree = "<group>"; };
		C7435FD5F302C35E63DA489E /* OperatorContact.swift */ = {isa = PBXFileReference; lastKnownFileType = sourcecode.swift; path = OperatorContact.swift; sourceTree = "<group>"; };
		C746D1EAB39D05C145E990A6 /* Journey.swift */ = {isa = PBXFileReference; lastKnownFileType = sourcecode.swift; path = Journey.swift; sourceTree = "<group>"; };
		CE29BF1855E8D788EC222B6A /* TimeLabel.swift */ = {isa = PBXFileReference; lastKnownFileType = sourcecode.swift; path = TimeLabel.swift; sourceTree = "<group>"; };
		D2066B5F7886F716C406D18E /* TrainService.swift */ = {isa = PBXFileReference; lastKnownFileType = sourcecode.swift; path = TrainService.swift; sourceTree = "<group>"; };
		D4AF211120BE9EC3EE9133AB /* JourneyRowDataSource.swift */ = {isa = PBXFileReference; lastKnownFileType = sourcecode.swift; path = JourneyRowDataSource.swift; sourceTree = "<group>"; };
		D52D40390F4CEC993C57EF52 /* DBRules.swift */ = {isa = PBXFileReference; lastKnownFileType = sourcecode.swift; path = DBRules.swift; sourceTree = "<group>"; };
		D7562E9E44EA19A816A286A7 /* UserStorage.swift */ = {isa = PBXFileReference; lastKnownFileType = sourcecode.swift; path = UserStorage.swift; sourceTree = "<group>"; };
		D96392A880A67BC4A9960D69 /* TrainTravelSummaryCard.swift */ = {isa = PBXFileReference; lastKnownFileType = sourcecode.swift; path = TrainTravelSummaryCard.swift; sourceTree = "<group>"; };
		D9C4CFB54F09F6E6A8EFFA2C /* JourneyFilterClient.swift */ = {isa = PBXFileReference; lastKnownFileType = sourcecode.swift; path = JourneyFilterClient.swift; sourceTree = "<group>"; };
		DA7F2EEB6DC39D2D6B975517 /* EmptyListJourneyView.swift */ = {isa = PBXFileReference; lastKnownFileType = sourcecode.swift; path = EmptyListJourneyView.swift; sourceTree = "<group>"; };
		E1C52B01342BCB62AD2D708D /* JourneyDetailFeature.swift */ = {isa = PBXFileReference; lastKnownFileType = sourcecode.swift; path = JourneyDetailFeature.swift; sourceTree = "<group>"; };
		E51DC45BC97059A0A15F558D /* TuistAssets+RailMapiOS.swift */ = {isa = PBXFileReference; lastKnownFileType = sourcecode.swift; path = "TuistAssets+RailMapiOS.swift"; sourceTree = "<group>"; };
		E7D3E49893B6A48018AD8733 /* UserStorageClient.swift */ = {isa = PBXFileReference; lastKnownFileType = sourcecode.swift; path = UserStorageClient.swift; sourceTree = "<group>"; };
		E80C8C46517178263BE69BE6 /* CustomTabBarView.swift */ = {isa = PBXFileReference; lastKnownFileType = sourcecode.swift; path = CustomTabBarView.swift; sourceTree = "<group>"; };
		ECCC6E6EC6930FDFA03FD553 /* RealtimeStatus.swift */ = {isa = PBXFileReference; lastKnownFileType = sourcecode.swift; path = RealtimeStatus.swift; sourceTree = "<group>"; };
		EE8F3B56AE6FFD5DAEA9434D /* ClaimRegistry.swift */ = {isa = PBXFileReference; lastKnownFileType = sourcecode.swift; path = ClaimRegistry.swift; sourceTree = "<group>"; };
		EFF3725A124319679EDEE37B /* DateFormatterService.swift */ = {isa = PBXFileReference; lastKnownFileType = sourcecode.swift; path = DateFormatterService.swift; sourceTree = "<group>"; };
		F0013DFA1ECDE70189171A68 /* MapKitView.swift */ = {isa = PBXFileReference; lastKnownFileType = sourcecode.swift; path = MapKitView.swift; sourceTree = "<group>"; };
		F070D96178C8D25D6AF725D7 /* ClockIcon.swift */ = {isa = PBXFileReference; lastKnownFileType = sourcecode.swift; path = ClockIcon.swift; sourceTree = "<group>"; };
		F11CDFE30E3BA126A3B144C4 /* JourneyStatusBadge.swift */ = {isa = PBXFileReference; lastKnownFileType = sourcecode.swift; path = JourneyStatusBadge.swift; sourceTree = "<group>"; };
		F23F43B69EF77486A675F7AC /* RailMapiOS-Info.plist */ = {isa = PBXFileReference; lastKnownFileType = text.plist; path = "RailMapiOS-Info.plist"; sourceTree = "<group>"; };
		F3828E96BCDBEE3E532D63F1 /* JourneyHeaderView.swift */ = {isa = PBXFileReference; lastKnownFileType = sourcecode.swift; path = JourneyHeaderView.swift; sourceTree = "<group>"; };
		F3ED15BDED9C9B12448E8B9C /* StringParserService.swift */ = {isa = PBXFileReference; lastKnownFileType = sourcecode.swift; path = StringParserService.swift; sourceTree = "<group>"; };
		F3F6D35CB882F21915C9076B /* AppView.swift */ = {isa = PBXFileReference; lastKnownFileType = sourcecode.swift; path = AppView.swift; sourceTree = "<group>"; };
		F540824B26617A0E7184A4AE /* ConfirmationFeature.swift */ = {isa = PBXFileReference; lastKnownFileType = sourcecode.swift; path = ConfirmationFeature.swift; sourceTree = "<group>"; };
		F58064B803B5447BBAC117D9 /* EurostarRules.swift */ = {isa = PBXFileReference; lastKnownFileType = sourcecode.swift; path = EurostarRules.swift; sourceTree = "<group>"; };
		F663CEDCF539A86C2DB233FF /* DataControllerClient.swift */ = {isa = PBXFileReference; lastKnownFileType = sourcecode.swift; path = DataControllerClient.swift; sourceTree = "<group>"; };
		FA9F7B0E21EDB0535AC981A6 /* SignInFeature.swift */ = {isa = PBXFileReference; lastKnownFileType = sourcecode.swift; path = SignInFeature.swift; sourceTree = "<group>"; };
		FB9088CEFBBCAE271DBA6F8A /* JourneyRowView.swift */ = {isa = PBXFileReference; lastKnownFileType = sourcecode.swift; path = JourneyRowView.swift; sourceTree = "<group>"; };
		FDAD892E047A20A5DC256577 /* DateFormatterClient.swift */ = {isa = PBXFileReference; lastKnownFileType = sourcecode.swift; path = DateFormatterClient.swift; sourceTree = "<group>"; };
/* End PBXFileReference section */

/* Begin PBXFrameworksBuildPhase section */
		6C2A791C9B933FD35FBAC54E /* Frameworks */ = {
			isa = PBXFrameworksBuildPhase;
			buildActionMask = 2147483647;
			files = (
				F9B9152F6DCFE428D46101F2 /* Helpers in Frameworks */,
			);
			runOnlyForDeploymentPostprocessing = 0;
		};
		8870A1EF8AF9407CD14BE5A4 /* Frameworks */ = {
			isa = PBXFrameworksBuildPhase;
			buildActionMask = 2147483647;
			files = (
				758AE03336AFEE14034A2DB4 /* Helpers in Frameworks */,
				EC5039B27C29972495A750F4 /* OHHTTPStubs in Frameworks */,
				1EA777D47D96F85EDAA8C246 /* OHHTTPStubsSwift in Frameworks */,
			);
			runOnlyForDeploymentPostprocessing = 0;
		};
		B1F466ACF190EEB94F36EB21 /* Frameworks */ = {
			isa = PBXFrameworksBuildPhase;
			buildActionMask = 2147483647;
			files = (
				BD74FEB5C406BECBC6CD2367 /* Helpers in Frameworks */,
				523C35C99390C21127C16665 /* OHHTTPStubs in Frameworks */,
				3B4F92AA54D715F9C93D7244 /* OHHTTPStubsSwift in Frameworks */,
				A19835942DC54BC384B7E9EE /* ComposableArchitecture in Frameworks */,
			);
			runOnlyForDeploymentPostprocessing = 0;
		};
/* End PBXFrameworksBuildPhase section */

/* Begin PBXGroup section */
		0305FE4C2696B47B8776615D /* RailMapiOS */ = {
			isa = PBXGroup;
			children = (
				F16DA14941FA0C911BF97CC4 /* Resources */,
				88A1B75B2752D1E969E914AD /* Sources */,
				C5A693F0BF578474670CCDF5 /* Tests */,
			);
			path = RailMapiOS;
			sourceTree = "<group>";
		};
		070711D26333B732E30F3964 /* Configuration */ = {
			isa = PBXGroup;
			children = (
				C345E7AD75BDF57432884D44 /* APIConfiguration.swift */,
				ADF83258B0FAFA95A75E08CA /* APIKeys.example.swift */,
				7D564FFC35E4A67CC1B9AAF8 /* APIKeys.swift */,
			);
			path = Configuration;
			sourceTree = "<group>";
		};
		094FD5EDFB6A740446030D6D /* Realtime */ = {
			isa = PBXGroup;
			children = (
				AA7B1226B7AC0D204FBB93CD /* PositionEstimator.swift */,
				8468EB4AFCE47F2753FC7ED2 /* RealtimeService.swift */,
			);
			path = Realtime;
			sourceTree = "<group>";
		};
		1B2F17BFD051501F2FAD6346 /* Map */ = {
			isa = PBXGroup;
			children = (
				B6233A2247A59DCAE7DF76DF /* MapService.swift */,
			);
			path = Map;
			sourceTree = "<group>";
		};
		36BE8633CFB2048A4BFDBF73 /* BottomSheet */ = {
			isa = PBXGroup;
			children = (
				1AFA3AEFA39EB7A9398D8408 /* BottomSheetFeature.swift */,
			);
			path = BottomSheet;
			sourceTree = "<group>";
		};
		38E550AD35CCDC5977729771 /* Refund */ = {
			isa = PBXGroup;
			children = (
				3EB7444544C6BC958E7986CC /* CFFRules.swift */,
				EE8F3B56AE6FFD5DAEA9434D /* ClaimRegistry.swift */,
				C100DB417586BFE122BCD1C2 /* ClaimRules.swift */,
				D52D40390F4CEC993C57EF52 /* DBRules.swift */,
				F58064B803B5447BBAC117D9 /* EurostarRules.swift */,
				C7435FD5F302C35E63DA489E /* OperatorContact.swift */,
				A790788501A864FA56D019D6 /* OUIGORules.swift */,
				3C37579CC1D5EE5A5BC1CBE8 /* SNCFG30InternationalRules.swift */,
				BC8A02FD211280A53CE2C2FB /* SNCFG30Rules.swift */,
				BCA46F9AD027F6CC2B037C66 /* TERRegionalRules.swift */,
			);
			path = Refund;
			sourceTree = "<group>";
		};
		4F1AE87C125B4F7F3AA5147D /* AddJourney */ = {
			isa = PBXGroup;
			children = (
				F540824B26617A0E7184A4AE /* ConfirmationFeature.swift */,
				25A855A2EEF61673ED417B59 /* DatePickerFeature.swift */,
				03FE0E979B75964FBA0E5749 /* StationPickerFeature.swift */,
			);
			path = AddJourney;
			sourceTree = "<group>";
		};
		50989DF51828E1297ADED41E /* Account */ = {
			isa = PBXGroup;
			children = (
				2A70D6155D25C08F8F9B1008 /* AccountFeature.swift */,
				FA9F7B0E21EDB0535AC981A6 /* SignInFeature.swift */,
			);
			path = Account;
			sourceTree = "<group>";
		};
		50D3443561B7F5BAC3BE31D7 /* Packages */ = {
			isa = PBXGroup;
			children = (
				37AA84E5F8A98891935AF10D /* Helpers */,
			);
			name = Packages;
			sourceTree = "<group>";
		};
		50DEC67C63CFD8276B89B33C /* AddJourney */ = {
			isa = PBXGroup;
			children = (
				596C5990219E52D35C1A852E /* UI */,
				675C1A10B0CD9858D003D650 /* NewJourneyModel.swift */,
			);
			path = AddJourney;
			sourceTree = "<group>";
		};
		5289EBB193773D9FFF0911CB /* InfoPlists */ = {
			isa = PBXGroup;
			children = (
				F23F43B69EF77486A675F7AC /* RailMapiOS-Info.plist */,
				6C205D0243AB6E3D5E2B5FBB /* RailMapiOSTests-Info.plist */,
				13EF88BEFA80670F2558853A /* RailMapiOSUITests-Info.plist */,
			);
			path = InfoPlists;
			sourceTree = "<group>";
		};
		53090544C6408731DCF9F781 /* Account */ = {
			isa = PBXGroup;
			children = (
				5CE471085C02DD6DCB7600BD /* UI */,
			);
			path = Account;
			sourceTree = "<group>";
		};
		53D0E62096A7E7FA6F0A8695 /* Refund */ = {
			isa = PBXGroup;
			children = (
				613A81141E17AEF6DA7462D7 /* RefundFlowFeature.swift */,
				041ABC0EE9C6E7F025515C62 /* RefundFlowView.swift */,
			);
			path = Refund;
			sourceTree = "<group>";
		};
		596C5990219E52D35C1A852E /* UI */ = {
			isa = PBXGroup;
			children = (
				92DB64CE12E89C8C664171D1 /* ConfirmationPickerView.swift */,
				293B08E4B735257A48FC4B68 /* DatePickerView.swift */,
				5F964E4E8A300A519005EC01 /* StationPickerView.swift */,
				A665019D72B4D25A15CF001C /* StationRow.swift */,
			);
			path = UI;
			sourceTree = "<group>";
		};
		5CB41C62801C8DAAC91C2E7C /* UIComponents */ = {
			isa = PBXGroup;
			children = (
				D7F0DA3D7C20CE3CB2D7DB51 /* Atoms */,
				6E74C828E31556E8DD3F37BB /* Molecules */,
				6211ED424EDF2D4558DB2E3C /* Organisms */,
				E80C8C46517178263BE69BE6 /* CustomTabBarView.swift */,
				DA7F2EEB6DC39D2D6B975517 /* EmptyListJourneyView.swift */,
				40B443231D04DFF2E474EAE6 /* SavedJourneyRow.swift */,
				88A7CBB1F4FBC1ACA67977F8 /* SearchResultRow.swift */,
			);
			path = UIComponents;
			sourceTree = "<group>";
		};
		5CE471085C02DD6DCB7600BD /* UI */ = {
			isa = PBXGroup;
			children = (
				5D04B6A9073CA60ABA169781 /* AccountView.swift */,
				9C1D70A37468480C1CF29289 /* SignInView.swift */,
				0F2ED11FDEC5D730998D3E08 /* TermsAndPrivacyView.swift */,
				D96392A880A67BC4A9960D69 /* TrainTravelSummaryCard.swift */,
			);
			path = UI;
			sourceTree = "<group>";
		};
		6211ED424EDF2D4558DB2E3C /* Organisms */ = {
			isa = PBXGroup;
			children = (
				5D88E1964741F83ACC9CD3E4 /* DepartureStatusView.swift */,
				7E32D696780B8BF955EC2911 /* InfoCard.swift */,
				F3828E96BCDBEE3E532D63F1 /* JourneyHeaderView.swift */,
				AD3DDA694ECAF3FC1A023451 /* VerticalTimeline.swift */,
			);
			path = Organisms;
			sourceTree = "<group>";
		};
		664A6D5E22AED755B9F229ED /* JourneyDetailsView */ = {
			isa = PBXGroup;
			children = (
				9A0947289B14C6281C15A66C /* JourneyDetailView.swift */,
			);
			path = JourneyDetailsView;
			sourceTree = "<group>";
		};
		6BFC4A048760E3C03BD8E029 /* Parsing */ = {
			isa = PBXGroup;
			children = (
				AF4B174691222490F0F6348B /* CompositeTrainParser.swift */,
				4F283C85A04498D8A600C5CC /* DBTrainParser.swift */,
				C5FE3FC509DC4E7B3B3D6442 /* GenericTrainParser.swift */,
				051784C6667BBE65B5F2461D /* SNCFTrainParser.swift */,
				9ED2AB0194D377684B0EC820 /* TrainIdentifier.swift */,
				B753C7151A285AF68F112D52 /* TrainParser.swift */,
				D2066B5F7886F716C406D18E /* TrainService.swift */,
				636EB8BC3994592EB7767017 /* UKTrainParser.swift */,
			);
			path = Parsing;
			sourceTree = "<group>";
		};
		6E74C828E31556E8DD3F37BB /* Molecules */ = {
			isa = PBXGroup;
			children = (
				97A09DBFF61D413960ACAD42 /* DurationView.swift */,
				26715D26F442F91E5006F92F /* JourneyDetails.swift */,
				014011F4C3CAD2CD786779EE /* JourneyTimes.swift */,
				88EC15022E746D349E4C9B3D /* StationView.swift */,
			);
			path = Molecules;
			sourceTree = "<group>";
		};
		775DBB749C97A4BAB5D6DBA2 /* Utilities */ = {
			isa = PBXGroup;
			children = (
				6FDD54364A911CA48E54C8AF /* AccessibilityID.swift */,
				5FB03BDBEC2B5690745D390B /* Logger.swift */,
			);
			path = Utilities;
			sourceTree = "<group>";
		};
		78F9E819A6B0E9BD7AD93C59 /* Map */ = {
			isa = PBXGroup;
			children = (
				F0013DFA1ECDE70189171A68 /* MapKitView.swift */,
				858E5570D756DAB4C01D2D7B /* MapView.swift */,
			);
			path = Map;
			sourceTree = "<group>";
		};
		82800E4F91801FA03F48DD75 /* Services */ = {
			isa = PBXGroup;
			children = (
				A903F07FC20172332E0112C5 /* API */,
				DD196CE2A881D821D736D024 /* Auth */,
				C721368A37D2FADEF9E7A751 /* Data */,
				8BF845E4F6AF365775BFE749 /* Formatting */,
				AF22E97105F17B7820E4B361 /* Journey */,
				1B2F17BFD051501F2FAD6346 /* Map */,
				6BFC4A048760E3C03BD8E029 /* Parsing */,
				094FD5EDFB6A740446030D6D /* Realtime */,
			);
			path = Services;
			sourceTree = "<group>";
		};
		843C168A8E18F100EB7FB1EB /* SwiftData */ = {
			isa = PBXGroup;
			children = (
				C746D1EAB39D05C145E990A6 /* Journey.swift */,
				AE3C4C1C9A4FB22D6D254289 /* Stop.swift */,
				8C3D46DA2ABD11947B62247A /* StopInfoSD.swift */,
			);
			path = SwiftData;
			sourceTree = "<group>";
		};
		87A81A45ABE4EC3466134D4F /* Dependencies */ = {
			isa = PBXGroup;
			children = (
				F663CEDCF539A86C2DB233FF /* DataControllerClient.swift */,
				FDAD892E047A20A5DC256577 /* DateFormatterClient.swift */,
				69F450A069AC027B4B524A14 /* GeocoderClient.swift */,
				197D5186102E7D73F92A1D2F /* JourneyDataClient.swift */,
				D9C4CFB54F09F6E6A8EFFA2C /* JourneyFilterClient.swift */,
				84C3012B20C2A4DCDF723BF3 /* MapClient.swift */,
				0ACF5939C21D379DAEAEA594 /* RealtimeClient.swift */,
				3D1FC26CDBA325361410A1A1 /* RouteGeometryClient.swift */,
				8A2AF1E393AE4D9362A1288E /* SearchResultsClient.swift */,
				3ED2350EB21DEAF3DA1E292E /* TrainIdentifierParserClient.swift */,
				E7D3E49893B6A48018AD8733 /* UserStorageClient.swift */,
				498EBBDAB8FF606A570FC043 /* VehicleJourneyClient.swift */,
			);
			path = Dependencies;
			sourceTree = "<group>";
		};
		88A1B75B2752D1E969E914AD /* Sources */ = {
			isa = PBXGroup;
			children = (
				53090544C6408731DCF9F781 /* Account */,
				50DEC67C63CFD8276B89B33C /* AddJourney */,
				B3CF1EC9E5B67931A24D2856 /* BottomSheet */,
				070711D26333B732E30F3964 /* Configuration */,
				D14EED8CEC68E64A5DAE47CB /* Debug */,
				87A81A45ABE4EC3466134D4F /* Dependencies */,
				935CCA01936703191FFFDCB2 /* Features */,
				664A6D5E22AED755B9F229ED /* JourneyDetailsView */,
				78F9E819A6B0E9BD7AD93C59 /* Map */,
				CC83AC0DA7D80AC200D2FB9C /* Models */,
				82800E4F91801FA03F48DD75 /* Services */,
				5CB41C62801C8DAAC91C2E7C /* UIComponents */,
				775DBB749C97A4BAB5D6DBA2 /* Utilities */,
				97B2B546459EE152FEF9B0BA /* AppDelegate.swift */,
				9F209F1298594FCC032126DE /* RailMapiOSApp.swift */,
			);
			path = Sources;
			sourceTree = "<group>";
		};
		8B884933D8E28B2A2CEE29BA /* Map */ = {
			isa = PBXGroup;
			children = (
				7C77804C9BF16940048417A2 /* MapFeature.swift */,
			);
			path = Map;
			sourceTree = "<group>";
		};
		8BF845E4F6AF365775BFE749 /* Formatting */ = {
			isa = PBXGroup;
			children = (
				EFF3725A124319679EDEE37B /* DateFormatterService.swift */,
				F3ED15BDED9C9B12448E8B9C /* StringParserService.swift */,
			);
			path = Formatting;
			sourceTree = "<group>";
		};
		935CCA01936703191FFFDCB2 /* Features */ = {
			isa = PBXGroup;
			children = (
				50989DF51828E1297ADED41E /* Account */,
				4F1AE87C125B4F7F3AA5147D /* AddJourney */,
				E5D450214061B9073DB24AA4 /* App */,
				36BE8633CFB2048A4BFDBF73 /* BottomSheet */,
				9EB834ECF9D18832B8228509 /* JourneyDetail */,
				8B884933D8E28B2A2CEE29BA /* Map */,
				53D0E62096A7E7FA6F0A8695 /* Refund */,
			);
			path = Features;
			sourceTree = "<group>";
		};
		93B24B2E67E5A903FF1D4FA4 /* Preview Content */ = {
			isa = PBXGroup;
			children = (
				55BCD0205832989CB2C111FF /* Preview Assets.xcassets */,
			);
			path = "Preview Content";
			sourceTree = "<group>";
		};
		9EB834ECF9D18832B8228509 /* JourneyDetail */ = {
			isa = PBXGroup;
			children = (
				05D2C6C15F5A1EC5FBC689D7 /* DelayBanner.swift */,
				E1C52B01342BCB62AD2D708D /* JourneyDetailFeature.swift */,
				302BBD5AEA747C4A93507702 /* OperatorContactsCard.swift */,
				720C979D9ECDC8324AFA644A /* RefundBanner.swift */,
			);
			path = JourneyDetail;
			sourceTree = "<group>";
		};
		A903F07FC20172332E0112C5 /* API */ = {
			isa = PBXGroup;
			children = (
				C7386F000FEEE69F595FAFA9 /* RouteGeometryService.swift */,
				2DDA5976FF900E08791F4B10 /* VehicleJourneyService.swift */,
				A9F86A5BC0A0D5D644CDFE01 /* VehicleJourneysModel.swift */,
			);
			path = API;
			sourceTree = "<group>";
		};
		AE11E292A41C995755D08DE4 /* UnitTests */ = {
			isa = PBXGroup;
			children = (
				3229527528B849B6566690D8 /* RefundEligibilityTests.swift */,
				5B81D9677388A75E034072D8 /* TrainParserTests.swift */,
			);
			path = UnitTests;
			sourceTree = "<group>";
		};
		AF22E97105F17B7820E4B361 /* Journey */ = {
			isa = PBXGroup;
			children = (
				9A021F07CBFDD3F53C7A8051 /* JourneyDataService.swift */,
				239A93E21DF92D2CBB37F7E3 /* JourneyFilterService.swift */,
				1EB68D0007F8F1CA3C6BE44D /* SearchResultsService.swift */,
			);
			path = Journey;
			sourceTree = "<group>";
		};
		B1BB9ADDA5FF417C1E75A65D /* Derived */ = {
			isa = PBXGroup;
			children = (
				5289EBB193773D9FFF0911CB /* InfoPlists */,
				F86E605A7F0433B15C8A5E52 /* Sources */,
			);
			path = Derived;
			sourceTree = "<group>";
		};
		B36CDB855BCE2FB0D7116ADA /* Project */ = {
			isa = PBXGroup;
			children = (
				FB3CCB11F09D60D93AEDFC13 /* Config */,
				B1BB9ADDA5FF417C1E75A65D /* Derived */,
				0305FE4C2696B47B8776615D /* RailMapiOS */,
				843C168A8E18F100EB7FB1EB /* SwiftData */,
			);
			name = Project;
			sourceTree = "<group>";
		};
		B3CF1EC9E5B67931A24D2856 /* BottomSheet */ = {
			isa = PBXGroup;
			children = (
				A251A30D989D02F4B344A856 /* BottomSheetView.swift */,
				D4AF211120BE9EC3EE9133AB /* JourneyRowDataSource.swift */,
				FB9088CEFBBCAE271DBA6F8A /* JourneyRowView.swift */,
				2425E98306760391C7732ADC /* JourneyRowViewModel.swift */,
				23A8655856D99996A4EAC6B2 /* SavedJourneyBadge.swift */,
			);
			path = BottomSheet;
			sourceTree = "<group>";
		};
		BCADE8619646559D8AB08D21 /* Products */ = {
			isa = PBXGroup;
			children = (
				58E5DCB89A6A9966D527DF79 /* RailMapiOS.app */,
				B3DDAE81BE3BDE10CEAD32F6 /* RailMapiOSTests.xctest */,
				7477574B27CBCBD23083BD46 /* RailMapiOSUITests.xctest */,
			);
			name = Products;
			sourceTree = "<group>";
		};
		C5A693F0BF578474670CCDF5 /* Tests */ = {
			isa = PBXGroup;
			children = (
				EA088C2D066159C218D86B3F /* UITests */,
				AE11E292A41C995755D08DE4 /* UnitTests */,
			);
			path = Tests;
			sourceTree = "<group>";
		};
		C721368A37D2FADEF9E7A751 /* Data */ = {
			isa = PBXGroup;
			children = (
				9386ACF43376D45B7FD24B26 /* DataService.swift */,
			);
			path = Data;
			sourceTree = "<group>";
		};
		CC83AC0DA7D80AC200D2FB9C /* Models */ = {
			isa = PBXGroup;
			children = (
				38E550AD35CCDC5977729771 /* Refund */,
				ACC31C6D465A7F590D752268 /* DateRow.swift */,
				ECCC6E6EC6930FDFA03FD553 /* RealtimeStatus.swift */,
				04C243A3A62B2FE2ECFAA6DB /* SearchResult.swift */,
				1E20E2A59825E9122A9DA71C /* TrainRoute.swift */,
				C234D8568BDA83252BFECA78 /* User.swift */,
				A4CE8C7AA1E75D93901B1A98 /* VehicleMarker.swift */,
			);
			path = Models;
			sourceTree = "<group>";
		};
		CF1E7906C8878DA5FB2F9A1B = {
			isa = PBXGroup;
			children = (
				B36CDB855BCE2FB0D7116ADA /* Project */,
				BCADE8619646559D8AB08D21 /* Products */,
				50D3443561B7F5BAC3BE31D7 /* Packages */,
			);
			sourceTree = "<group>";
		};
		D14EED8CEC68E64A5DAE47CB /* Debug */ = {
			isa = PBXGroup;
			children = (
				2348309E9F0096DABA0C1F2C /* MockJourneyFactory.swift */,
			);
			path = Debug;
			sourceTree = "<group>";
		};
		D7F0DA3D7C20CE3CB2D7DB51 /* Atoms */ = {
			isa = PBXGroup;
			children = (
				F070D96178C8D25D6AF725D7 /* ClockIcon.swift */,
				5C48EC3E26A96904215273AE /* CompanyLogo.swift */,
				27611039302B040FEB808624 /* DateText.swift */,
				F11CDFE30E3BA126A3B144C4 /* JourneyStatusBadge.swift */,
				33DC6EF31A52472DBD6A8E19 /* StationLabel.swift */,
				CE29BF1855E8D788EC222B6A /* TimeLabel.swift */,
				ABC6762BE7529F0F88A22AE3 /* TrainIcon.swift */,
			);
			path = Atoms;
			sourceTree = "<group>";
		};
		DD196CE2A881D821D736D024 /* Auth */ = {
			isa = PBXGroup;
			children = (
				D7562E9E44EA19A816A286A7 /* UserStorage.swift */,
			);
			path = Auth;
			sourceTree = "<group>";
		};
		E09005BFCE76AAD256A30F68 /* Stubs */ = {
			isa = PBXGroup;
			children = (
				8E3D6070CCE20D6BA41FEB2A /* GET_stop_ 9706_SNCF_TGV.json */,
			);
			path = Stubs;
			sourceTree = "<group>";
		};
		E5D450214061B9073DB24AA4 /* App */ = {
			isa = PBXGroup;
			children = (
				A5C312D3D592DDDF7BA766FD /* AppFeature.swift */,
				F3F6D35CB882F21915C9076B /* AppView.swift */,
			);
			path = App;
			sourceTree = "<group>";
		};
		EA088C2D066159C218D86B3F /* UITests */ = {
			isa = PBXGroup;
			children = (
				56796761952ADD4497666BFA /* AddJourneyUITests.swift */,
			);
			path = UITests;
			sourceTree = "<group>";
		};
		F16DA14941FA0C911BF97CC4 /* Resources */ = {
			isa = PBXGroup;
			children = (
				93B24B2E67E5A903FF1D4FA4 /* Preview Content */,
				E09005BFCE76AAD256A30F68 /* Stubs */,
				29DCC8711A5AFE25FCDDD699 /* Assets.xcassets */,
				0031F231D734849B7FFD67C8 /* LaunchScreen.storyboard */,
				BA04FA190F4ABC19689F8E0C /* Localizable.xcstrings */,
			);
			path = Resources;
			sourceTree = "<group>";
		};
		F86E605A7F0433B15C8A5E52 /* Sources */ = {
			isa = PBXGroup;
			children = (
				E51DC45BC97059A0A15F558D /* TuistAssets+RailMapiOS.swift */,
				806E82B6AA4AEEE8C08CA124 /* TuistBundle+RailMapiOS.swift */,
			);
			path = Sources;
			sourceTree = "<group>";
		};
		FB3CCB11F09D60D93AEDFC13 /* Config */ = {
			isa = PBXGroup;
			children = (
				30913B157AB7A1BEA75C5D74 /* RailMapiOSDebug.entitlements */,
			);
			path = Config;
			sourceTree = "<group>";
		};
/* End PBXGroup section */

/* Begin PBXNativeTarget section */
		0A7C606393CF89401817375C /* RailMapiOS */ = {
			isa = PBXNativeTarget;
			buildConfigurationList = B89CD6A3D46BF6034BF448A5 /* Build configuration list for PBXNativeTarget "RailMapiOS" */;
			buildPhases = (
				6CE3BA3267793452412B306D /* Sources */,
				97D2F96D492D8B445F219DA8 /* Resources */,
				B1F466ACF190EEB94F36EB21 /* Frameworks */,
				332DE44F75FE245CEA5AF39C /* Embed Frameworks */,
			);
			buildRules = (
			);
			dependencies = (
			);
			name = RailMapiOS;
			packageProductDependencies = (
				2BA524F6EF416B27CCA98329 /* Helpers */,
				AC4CAFD81B22DE5528812781 /* OHHTTPStubs */,
				56C7F6232F7EA72EECA3F3DA /* OHHTTPStubsSwift */,
				01D88139408D450DEDE60A1B /* ComposableArchitecture */,
			);
			productName = RailMapiOS;
			productReference = 58E5DCB89A6A9966D527DF79 /* RailMapiOS.app */;
			productType = "com.apple.product-type.application";
		};
		1C5D5B2232FDBD75AFD5F08D /* RailMapiOSTests */ = {
			isa = PBXNativeTarget;
			buildConfigurationList = 550E4FFC0E3212694B6BA2DC /* Build configuration list for PBXNativeTarget "RailMapiOSTests" */;
			buildPhases = (
				EC2F6CA27E685275C315F83C /* Sources */,
				66B144CBB59E4710E5793EAA /* Resources */,
				6C2A791C9B933FD35FBAC54E /* Frameworks */,
				C276BBC79BCFFC895A620344 /* Embed Frameworks */,
			);
			buildRules = (
			);
			dependencies = (
				7357F8B796C5F3E3279C0334 /* PBXTargetDependency */,
			);
			name = RailMapiOSTests;
			packageProductDependencies = (
				B84FBECDF06B2687B7C68274 /* Helpers */,
			);
			productName = RailMapiOSTests;
			productReference = B3DDAE81BE3BDE10CEAD32F6 /* RailMapiOSTests.xctest */;
			productType = "com.apple.product-type.bundle.unit-test";
		};
		A1120389197E03F6C6F27725 /* RailMapiOSUITests */ = {
			isa = PBXNativeTarget;
			buildConfigurationList = B8801702B3C335DE384B4D81 /* Build configuration list for PBXNativeTarget "RailMapiOSUITests" */;
			buildPhases = (
				530212DC1095A1B61D26FE0C /* Sources */,
				65FE8F84891C8FC949276E78 /* Resources */,
				8870A1EF8AF9407CD14BE5A4 /* Frameworks */,
				DADFCF6EFF31967B3605C6D4 /* Embed Frameworks */,
			);
			buildRules = (
			);
			dependencies = (
				287A7A9810E450D56A2F1767 /* PBXTargetDependency */,
			);
			name = RailMapiOSUITests;
			packageProductDependencies = (
				7E251E8B71E7059433E27B04 /* Helpers */,
				8B31B38C97ED8F2587F97D29 /* OHHTTPStubs */,
				E6FB2C5FFD7C2900CF0A7C74 /* OHHTTPStubsSwift */,
			);
			productName = RailMapiOSUITests;
			productReference = 7477574B27CBCBD23083BD46 /* RailMapiOSUITests.xctest */;
			productType = "com.apple.product-type.bundle.ui-testing";
		};
/* End PBXNativeTarget section */

/* Begin PBXProject section */
		8C967F8E3DEDBC18C8BB225D /* Project object */ = {
			isa = PBXProject;
			attributes = {
				BuildIndependentTargetsInParallel = YES;
				TargetAttributes = {
					1C5D5B2232FDBD75AFD5F08D = {
						TestTargetID = 0A7C606393CF89401817375C;
					};
					A1120389197E03F6C6F27725 = {
						TestTargetID = 0A7C606393CF89401817375C;
					};
				};
			};
			buildConfigurationList = 60AAD47096D13278DDC4D06D /* Build configuration list for PBXProject "RailMapiOS" */;
			compatibilityVersion = "Xcode 14.0";
			developmentRegion = en;
			hasScannedForEncodings = 0;
			knownRegions = (
				Base,
				en,
			);
			mainGroup = CF1E7906C8878DA5FB2F9A1B;
			packageReferences = (
				43A44A60A3D5E814333415B4 /* XCRemoteSwiftPackageReference "OHHTTPStubs" */,
				D415899A7326D27D6C690E51 /* XCRemoteSwiftPackageReference "swift-composable-architecture" */,
			);
			productRefGroup = BCADE8619646559D8AB08D21 /* Products */;
			projectDirPath = "";
			projectRoot = "";
			targets = (
				0A7C606393CF89401817375C /* RailMapiOS */,
				1C5D5B2232FDBD75AFD5F08D /* RailMapiOSTests */,
				A1120389197E03F6C6F27725 /* RailMapiOSUITests */,
			);
		};
/* End PBXProject section */

/* Begin PBXResourcesBuildPhase section */
		65FE8F84891C8FC949276E78 /* Resources */ = {
			isa = PBXResourcesBuildPhase;
			buildActionMask = 2147483647;
			files = (
			);
			runOnlyForDeploymentPostprocessing = 0;
		};
		66B144CBB59E4710E5793EAA /* Resources */ = {
			isa = PBXResourcesBuildPhase;
			buildActionMask = 2147483647;
			files = (
			);
			runOnlyForDeploymentPostprocessing = 0;
		};
		97D2F96D492D8B445F219DA8 /* Resources */ = {
			isa = PBXResourcesBuildPhase;
			buildActionMask = 2147483647;
			files = (
				11911C194CFF42A388892C28 /* Assets.xcassets in Resources */,
				21991ED9C3521272CDBA4E13 /* LaunchScreen.storyboard in Resources */,
				6601AC2A3B075A5568339FB7 /* Localizable.xcstrings in Resources */,
				97F18F0E3ADE8BE87904DF94 /* Preview Assets.xcassets in Resources */,
				2A9987DF580E6DB44BD83EAB /* GET_stop_ 9706_SNCF_TGV.json in Resources */,
			);
			runOnlyForDeploymentPostprocessing = 0;
		};
/* End PBXResourcesBuildPhase section */

/* Begin PBXSourcesBuildPhase section */
		530212DC1095A1B61D26FE0C /* Sources */ = {
			isa = PBXSourcesBuildPhase;
			buildActionMask = 2147483647;
			files = (
				028A0B993A10C75AB0B9C5B9 /* AddJourneyUITests.swift in Sources */,
			);
			runOnlyForDeploymentPostprocessing = 0;
		};
		6CE3BA3267793452412B306D /* Sources */ = {
			isa = PBXSourcesBuildPhase;
			buildActionMask = 2147483647;
			files = (
				A8E1686DE707CE11A8D68B01 /* TuistAssets+RailMapiOS.swift in Sources */,
				CAC6F2C9B8CD31137390C2DB /* TuistBundle+RailMapiOS.swift in Sources */,
				5865B45D633451C9EF3B8A1A /* AccountView.swift in Sources */,
				F2EE9A5A94367F5874B254AE /* SignInView.swift in Sources */,
				7BBF610B89DBED48E085000D /* TermsAndPrivacyView.swift in Sources */,
				FEC52261390F89EA6F5E9E9E /* TrainTravelSummaryCard.swift in Sources */,
				A9A5E031B1B244C15DB85BDF /* NewJourneyModel.swift in Sources */,
				F69769B0D54780CD3FBC2BE0 /* ConfirmationPickerView.swift in Sources */,
				302EF570C82AE06692AC5BD5 /* DatePickerView.swift in Sources */,
				C2BDE32EEF44592AD9B66BD2 /* StationPickerView.swift in Sources */,
				D23809D4FCEA7DA818C2CB28 /* StationRow.swift in Sources */,
				C897B47FD1FB5FBC44EFCF60 /* AppDelegate.swift in Sources */,
				CFD0F9AF15EA2A65054A1B24 /* BottomSheetView.swift in Sources */,
				567A990DEF4D80F08511CA18 /* JourneyRowDataSource.swift in Sources */,
				A0F766F01C42B7F6BF394B85 /* JourneyRowView.swift in Sources */,
				66D54993D3CB6EE955AFF9D3 /* JourneyRowViewModel.swift in Sources */,
				93605A191268B288D2C3EFA3 /* SavedJourneyBadge.swift in Sources */,
				C49B962A8A08B9A78513906A /* APIConfiguration.swift in Sources */,
				993917CAD8E0817E4983CF2B /* APIKeys.example.swift in Sources */,
				23F4EBE051EF33F1001A2617 /* APIKeys.swift in Sources */,
				82100FFD349A7755739A237F /* MockJourneyFactory.swift in Sources */,
				7731C7E195BEC5A4BEDF53D3 /* DataControllerClient.swift in Sources */,
				651CD4CA9C8CB48E8671B1F2 /* DateFormatterClient.swift in Sources */,
				96A27CCA26895616C8D50BCE /* GeocoderClient.swift in Sources */,
				DDEB5DAECB34FCD6A9BE336D /* JourneyDataClient.swift in Sources */,
				4DC2529E0BD6B6CECA6686C1 /* JourneyFilterClient.swift in Sources */,
				A7D33413114034BF928DFFDE /* MapClient.swift in Sources */,
				84D14270F21BCD77A498280D /* RealtimeClient.swift in Sources */,
				D6857D2F2C178E05476AD0EC /* RouteGeometryClient.swift in Sources */,
				40FD0B8F4E1924E0CCA3C38C /* SearchResultsClient.swift in Sources */,
				561BBB54063A2CEF9949F9D0 /* TrainIdentifierParserClient.swift in Sources */,
				00845726C7B2891BF57C5998 /* UserStorageClient.swift in Sources */,
				8A47F02DF81F2F7CDEA41399 /* VehicleJourneyClient.swift in Sources */,
				F7267D6E129B1AFC8A6544B7 /* AccountFeature.swift in Sources */,
				8200BD63BABDDF69901D8EDE /* SignInFeature.swift in Sources */,
				176DD7CD1738CCD762116CED /* ConfirmationFeature.swift in Sources */,
				FEF5C7D189895CFF0BD6802D /* DatePickerFeature.swift in Sources */,
				064FA8D99EBEE12287D2B224 /* StationPickerFeature.swift in Sources */,
				D5127B09E1C98127AE117B6B /* AppFeature.swift in Sources */,
				920A14BBA32C8A962A75B4FA /* AppView.swift in Sources */,
				445BB681E880BD2DC7402FA9 /* BottomSheetFeature.swift in Sources */,
				B076F68A7E3070F8AB278B20 /* DelayBanner.swift in Sources */,
				B6FC47A3CBF2F5EFE9753CCB /* JourneyDetailFeature.swift in Sources */,
				EFA87CD44F619E7543F78FAD /* OperatorContactsCard.swift in Sources */,
				D78363CB88F70B1E6DA47AEE /* RefundBanner.swift in Sources */,
				DA31E4DAA9361C3F20A3347D /* MapFeature.swift in Sources */,
				3BB25C9492436AA4C397FF94 /* RefundFlowFeature.swift in Sources */,
				BC40EC16F3509B378705D675 /* RefundFlowView.swift in Sources */,
				418E71A9E04B4B81629E635F /* JourneyDetailView.swift in Sources */,
				D42694CCCA7280784053FD96 /* MapKitView.swift in Sources */,
				3D961645E4C0CF986720952D /* MapView.swift in Sources */,
				47BDC01908B9A1DAB6D70E08 /* DateRow.swift in Sources */,
				C5C42CE60273C1091AD3C53B /* RealtimeStatus.swift in Sources */,
				BCB46F352E8434777C71704A /* CFFRules.swift in Sources */,
				6425DF6A78F603CFEB4BE2B2 /* ClaimRegistry.swift in Sources */,
				8A52D575FFAF0676683F479C /* ClaimRules.swift in Sources */,
				04FC5700B0FD3568D8E6B08B /* DBRules.swift in Sources */,
				13DFC764F5CCD85E9BA887EA /* EurostarRules.swift in Sources */,
				FAABBC5C9A7998ABBCC66E27 /* OUIGORules.swift in Sources */,
				822CDDFA483EC2D1CD102DF7 /* OperatorContact.swift in Sources */,
				929574B644AE4B137ED4A934 /* SNCFG30InternationalRules.swift in Sources */,
				9BFAF15769154F10C82A5A30 /* SNCFG30Rules.swift in Sources */,
				E01D0E644BED993E2F91DD1A /* TERRegionalRules.swift in Sources */,
				59BF12783FB57BBDDE2C1220 /* SearchResult.swift in Sources */,
				F29F572F3FCA77C9D213F79B /* TrainRoute.swift in Sources */,
				DA1DA446D8EFC0C2820BDE4D /* User.swift in Sources */,
				0C2010290D7FA7B9693EF7DB /* VehicleMarker.swift in Sources */,
				6BF9F69FA94619A1025F395C /* RailMapiOSApp.swift in Sources */,
				877155A46558AC7BC436A136 /* RouteGeometryService.swift in Sources */,
				3E3B5AC14679E5A779C483EB /* VehicleJourneyService.swift in Sources */,
				A05B87D14DC5D12902D0A6F5 /* VehicleJourneysModel.swift in Sources */,
				B04EEBCAE85E991B3BB53929 /* UserStorage.swift in Sources */,
				27DA1F764827B7CE7EF5F4D6 /* DataService.swift in Sources */,
				9D4EEE053C29F0071C26E2E4 /* DateFormatterService.swift in Sources */,
				54049F69D835C83A29F49BAF /* StringParserService.swift in Sources */,
				34662B77F5B9E981B7645E7D /* JourneyDataService.swift in Sources */,
				6A33435207272297DB6CC67F /* JourneyFilterService.swift in Sources */,
				7034C794EAA1DEC8D4D52D3D /* SearchResultsService.swift in Sources */,
				9050FDDAFC36E38596BE633C /* MapService.swift in Sources */,
				A6B768127FB6F381263303F5 /* CompositeTrainParser.swift in Sources */,
				F7BB4AC6D0AB42ED35648964 /* DBTrainParser.swift in Sources */,
				7A934DCA44F68155F295B1AE /* GenericTrainParser.swift in Sources */,
				CECD7639CC185CF75EEF6EE0 /* SNCFTrainParser.swift in Sources */,
				AB7E9D5D66D5DF511445ED8D /* TrainIdentifier.swift in Sources */,
				6558FB2E1FC2DD2E6BA36AEF /* TrainParser.swift in Sources */,
				003540817599A04AD9A30FC2 /* TrainService.swift in Sources */,
				502D052AA66E61B79F8A0B1E /* UKTrainParser.swift in Sources */,
				8A6E7B66E7F201A60FA8BDF3 /* PositionEstimator.swift in Sources */,
				9F02AAD34AFDAA3DEF1447B3 /* RealtimeService.swift in Sources */,
				A87F1CDE1C86D30BA08D26B7 /* ClockIcon.swift in Sources */,
				BC053432A6F5BC9030133FCF /* CompanyLogo.swift in Sources */,
				7A43D13FB7A3C5F8FCEA83CB /* DateText.swift in Sources */,
				7F3B4FAC1BE0035C315AA67B /* JourneyStatusBadge.swift in Sources */,
				8BBD9340FB2FD8B55D5CBF7B /* StationLabel.swift in Sources */,
				13DA546FDB3E371D5730AA43 /* TimeLabel.swift in Sources */,
				39BE0360B1760E02615FEEFD /* TrainIcon.swift in Sources */,
				0742FDB5B454AD5007808540 /* CustomTabBarView.swift in Sources */,
				4160CE17A1ED470CAA99E83C /* EmptyListJourneyView.swift in Sources */,
				7FC2BCD7665B03A37DE62ACD /* DurationView.swift in Sources */,
				B7342AD2417540D08BD24E4A /* JourneyDetails.swift in Sources */,
				2ACFA1AA65ED4BD9CBECA344 /* JourneyTimes.swift in Sources */,
				BBFBD80C7D1B491EC21EAE0D /* StationView.swift in Sources */,
				BBC8CDA168173B90C91B01F5 /* DepartureStatusView.swift in Sources */,
				6A9AB3CE6A66D15D675E5DC5 /* InfoCard.swift in Sources */,
				663BF5E481F9F63337ACEEB9 /* JourneyHeaderView.swift in Sources */,
				311CA2287759337B62A5E420 /* VerticalTimeline.swift in Sources */,
				B9EE4F97FD67AC41984AC7B8 /* SavedJourneyRow.swift in Sources */,
				8C97B5704D18BE53D9E00A21 /* SearchResultRow.swift in Sources */,
				A92C1FA5A4069FD96AE06571 /* AccessibilityID.swift in Sources */,
				B12A0E9B23398F084B6C98E7 /* Logger.swift in Sources */,
				38EC890DD311A4D188CFF83E /* Journey.swift in Sources */,
				C7C71A38660DE156C4AE6788 /* Stop.swift in Sources */,
				8A7320BD1448D7595488247C /* StopInfoSD.swift in Sources */,
			);
			runOnlyForDeploymentPostprocessing = 0;
		};
		EC2F6CA27E685275C315F83C /* Sources */ = {
			isa = PBXSourcesBuildPhase;
			buildActionMask = 2147483647;
			files = (
				491A68D8831C9690DC0FB924 /* RefundEligibilityTests.swift in Sources */,
				6532F0B938820812140607C2 /* TrainParserTests.swift in Sources */,
			);
			runOnlyForDeploymentPostprocessing = 0;
		};
/* End PBXSourcesBuildPhase section */

/* Begin PBXTargetDependency section */
		287A7A9810E450D56A2F1767 /* PBXTargetDependency */ = {
			isa = PBXTargetDependency;
			name = RailMapiOS;
			target = 0A7C606393CF89401817375C /* RailMapiOS */;
			targetProxy = 56BE5E10A9E987CA6DDA1850 /* PBXContainerItemProxy */;
		};
		7357F8B796C5F3E3279C0334 /* PBXTargetDependency */ = {
			isa = PBXTargetDependency;
			name = RailMapiOS;
			target = 0A7C606393CF89401817375C /* RailMapiOS */;
			targetProxy = E4B12094110A746D5D8DA83C /* PBXContainerItemProxy */;
		};
/* End PBXTargetDependency section */

/* Begin XCBuildConfiguration section */
		021B9B77B43ED51959AB490C /* Debug */ = {
			isa = XCBuildConfiguration;
			buildSettings = {
				ASSETCATALOG_COMPILER_APPICON_NAME = AppIcon;
				CODE_SIGN_ENTITLEMENTS = Config/RailMapiOSDebug.entitlements;
				CODE_SIGN_IDENTITY = "iPhone Developer";
				ENABLE_PREVIEWS = YES;
				INFOPLIST_FILE = "Derived/InfoPlists/RailMapiOS-Info.plist";
				IPHONEOS_DEPLOYMENT_TARGET = 18.0;
				LD_RUNPATH_SEARCH_PATHS = (
					"$(inherited)",
					"@executable_path/Frameworks",
				);
				PRODUCT_BUNDLE_IDENTIFIER = com.railmap.RailMapiOS;
				PRODUCT_NAME = RailMapiOS;
				SDKROOT = iphoneos;
				SUPPORTS_MACCATALYST = NO;
				SUPPORTS_MAC_DESIGNED_FOR_IPHONE_IPAD = YES;
				SUPPORTS_XR_DESIGNED_FOR_IPHONE_IPAD = NO;
				SWIFT_ACTIVE_COMPILATION_CONDITIONS = (
					"$(inherited)",
					DEBUG,
				);
				SWIFT_COMPILATION_MODE = singlefile;
				SWIFT_OPTIMIZATION_LEVEL = "-Onone";
				SWIFT_VERSION = 5;
				TARGETED_DEVICE_FAMILY = "1,2";
			};
			name = Debug;
		};
		0A9D1608D7D15C43967CB867 /* Release */ = {
			isa = XCBuildConfiguration;
			buildSettings = {
				BUNDLE_LOADER = "$(TEST_HOST)";
				CODE_SIGN_IDENTITY = "iPhone Developer";
				INFOPLIST_FILE = "Derived/InfoPlists/RailMapiOSTests-Info.plist";
				IPHONEOS_DEPLOYMENT_TARGET = 18.0;
				LD_RUNPATH_SEARCH_PATHS = (
					"$(inherited)",
					"@executable_path/Frameworks",
					"@loader_path/Frameworks",
				);
				PRODUCT_BUNDLE_IDENTIFIER = com.railmap.RailMapiOSTests;
				PRODUCT_NAME = RailMapiOSTests;
				SDKROOT = iphoneos;
				SUPPORTS_MACCATALYST = NO;
				SUPPORTS_MAC_DESIGNED_FOR_IPHONE_IPAD = YES;
				SUPPORTS_XR_DESIGNED_FOR_IPHONE_IPAD = NO;
				SWIFT_COMPILATION_MODE = wholemodule;
				SWIFT_OPTIMIZATION_LEVEL = "-Owholemodule";
				SWIFT_VERSION = 5.0;
				TARGETED_DEVICE_FAMILY = "1,2";
				TEST_HOST = "$(BUILT_PRODUCTS_DIR)/RailMapiOS.app/$(BUNDLE_EXECUTABLE_FOLDER_PATH)/RailMapiOS";
				TEST_TARGET_NAME = RailMapiOS;
			};
			name = Release;
		};
		1690D05E9A87CC7B8EFBEA1A /* Debug */ = {
			isa = XCBuildConfiguration;
			buildSettings = {
				ALWAYS_SEARCH_USER_PATHS = NO;
				CLANG_ANALYZER_LOCALIZABILITY_NONLOCALIZED = YES;
				CLANG_ANALYZER_NONNULL = YES;
				CLANG_ANALYZER_NUMBER_OBJECT_CONVERSION = YES_AGGRESSIVE;
				CLANG_CXX_LANGUAGE_STANDARD = "gnu++14";
				CLANG_CXX_LIBRARY = "libc++";
				CLANG_ENABLE_MODULES = YES;
				CLANG_ENABLE_OBJC_ARC = YES;
				CLANG_ENABLE_OBJC_WEAK = YES;
				CLANG_WARN_BLOCK_CAPTURE_AUTORELEASING = YES;
				CLANG_WARN_BOOL_CONVERSION = YES;
				CLANG_WARN_COMMA = YES;
				CLANG_WARN_CONSTANT_CONVERSION = YES;
				CLANG_WARN_DEPRECATED_OBJC_IMPLEMENTATIONS = YES;
				CLANG_WARN_DIRECT_OBJC_ISA_USAGE = YES_ERROR;
				CLANG_WARN_DOCUMENTATION_COMMENTS = YES;
				CLANG_WARN_EMPTY_BODY = YES;
				CLANG_WARN_ENUM_CONVERSION = YES;
				CLANG_WARN_INFINITE_RECURSION = YES;
				CLANG_WARN_INT_CONVERSION = YES;
				CLANG_WARN_NON_LITERAL_NULL_CONVERSION = YES;
				CLANG_WARN_OBJC_IMPLICIT_RETAIN_SELF = YES;
				CLANG_WARN_OBJC_LITERAL_CONVERSION = YES;
				CLANG_WARN_OBJC_ROOT_CLASS = YES_ERROR;
				CLANG_WARN_QUOTED_INCLUDE_IN_FRAMEWORK_HEADER = YES;
				CLANG_WARN_RANGE_LOOP_ANALYSIS = YES;
				CLANG_WARN_STRICT_PROTOTYPES = YES;
				CLANG_WARN_SUSPICIOUS_MOVE = YES;
				CLANG_WARN_UNGUARDED_AVAILABILITY = YES_AGGRESSIVE;
				CLANG_WARN_UNREACHABLE_CODE = YES;
				CLANG_WARN__DUPLICATE_METHOD_MATCH = YES;
				COPY_PHASE_STRIP = NO;
				DEAD_CODE_STRIPPING = YES;
				DEBUG_INFORMATION_FORMAT = dwarf;
				ENABLE_STRICT_OBJC_MSGSEND = YES;
				ENABLE_TESTABILITY = YES;
				GCC_C_LANGUAGE_STANDARD = gnu11;
				GCC_DYNAMIC_NO_PIC = NO;
				GCC_NO_COMMON_BLOCKS = YES;
				GCC_OPTIMIZATION_LEVEL = 0;
				GCC_PREPROCESSOR_DEFINITIONS = (
					"DEBUG=1",
					"$(inherited)",
				);
				GCC_WARN_64_TO_32_BIT_CONVERSION = YES;
				GCC_WARN_ABOUT_RETURN_TYPE = YES_ERROR;
				GCC_WARN_UNDECLARED_SELECTOR = YES;
				GCC_WARN_UNINITIALIZED_AUTOS = YES_AGGRESSIVE;
				GCC_WARN_UNUSED_FUNCTION = YES;
				GCC_WARN_UNUSED_VARIABLE = YES;
				MTL_ENABLE_DEBUG_INFO = YES;
				ONLY_ACTIVE_ARCH = YES;
				PRODUCT_NAME = "$(TARGET_NAME)";
			};
			name = Debug;
		};
		49AA992BC81571DA284A5E8A /* Release */ = {
			isa = XCBuildConfiguration;
			buildSettings = {
				CODE_SIGN_IDENTITY = "iPhone Developer";
				INFOPLIST_FILE = "Derived/InfoPlists/RailMapiOSUITests-Info.plist";
				IPHONEOS_DEPLOYMENT_TARGET = 18.0;
				LD_RUNPATH_SEARCH_PATHS = (
					"$(inherited)",
					"@executable_path/Frameworks",
					"@loader_path/Frameworks",
				);
				PRODUCT_BUNDLE_IDENTIFIER = com.railmap.RailMapiOSUITests;
				PRODUCT_NAME = RailMapiOSUITests;
				SDKROOT = iphoneos;
				SUPPORTS_MACCATALYST = NO;
				SUPPORTS_MAC_DESIGNED_FOR_IPHONE_IPAD = YES;
				SUPPORTS_XR_DESIGNED_FOR_IPHONE_IPAD = NO;
				SWIFT_COMPILATION_MODE = wholemodule;
				SWIFT_OPTIMIZATION_LEVEL = "-Owholemodule";
				SWIFT_VERSION = 5.0;
				TARGETED_DEVICE_FAMILY = "1,2";
				TEST_TARGET_NAME = RailMapiOS;
			};
			name = Release;
		};
		580608E6AEAB8E82B5C9E988 /* Debug */ = {
			isa = XCBuildConfiguration;
			buildSettings = {
				BUNDLE_LOADER = "$(TEST_HOST)";
				CODE_SIGN_IDENTITY = "iPhone Developer";
				INFOPLIST_FILE = "Derived/InfoPlists/RailMapiOSTests-Info.plist";
				IPHONEOS_DEPLOYMENT_TARGET = 18.0;
				LD_RUNPATH_SEARCH_PATHS = (
					"$(inherited)",
					"@executable_path/Frameworks",
					"@loader_path/Frameworks",
				);
				PRODUCT_BUNDLE_IDENTIFIER = com.railmap.RailMapiOSTests;
				PRODUCT_NAME = RailMapiOSTests;
				SDKROOT = iphoneos;
				SUPPORTS_MACCATALYST = NO;
				SUPPORTS_MAC_DESIGNED_FOR_IPHONE_IPAD = YES;
				SUPPORTS_XR_DESIGNED_FOR_IPHONE_IPAD = NO;
				SWIFT_ACTIVE_COMPILATION_CONDITIONS = (
					"$(inherited)",
					DEBUG,
				);
				SWIFT_COMPILATION_MODE = singlefile;
				SWIFT_OPTIMIZATION_LEVEL = "-Onone";
				SWIFT_VERSION = 5.0;
				TARGETED_DEVICE_FAMILY = "1,2";
				TEST_HOST = "$(BUILT_PRODUCTS_DIR)/RailMapiOS.app/$(BUNDLE_EXECUTABLE_FOLDER_PATH)/RailMapiOS";
				TEST_TARGET_NAME = RailMapiOS;
			};
			name = Debug;
		};
		8429171E321CEC0FF15FE55F /* Release */ = {
			isa = XCBuildConfiguration;
			buildSettings = {
				ALWAYS_SEARCH_USER_PATHS = NO;
				CLANG_ANALYZER_LOCALIZABILITY_NONLOCALIZED = YES;
				CLANG_ANALYZER_NONNULL = YES;
				CLANG_ANALYZER_NUMBER_OBJECT_CONVERSION = YES_AGGRESSIVE;
				CLANG_CXX_LANGUAGE_STANDARD = "gnu++14";
				CLANG_CXX_LIBRARY = "libc++";
				CLANG_ENABLE_MODULES = YES;
				CLANG_ENABLE_OBJC_ARC = YES;
				CLANG_ENABLE_OBJC_WEAK = YES;
				CLANG_WARN_BLOCK_CAPTURE_AUTORELEASING = YES;
				CLANG_WARN_BOOL_CONVERSION = YES;
				CLANG_WARN_COMMA = YES;
				CLANG_WARN_CONSTANT_CONVERSION = YES;
				CLANG_WARN_DEPRECATED_OBJC_IMPLEMENTATIONS = YES;
				CLANG_WARN_DIRECT_OBJC_ISA_USAGE = YES_ERROR;
				CLANG_WARN_DOCUMENTATION_COMMENTS = YES;
				CLANG_WARN_EMPTY_BODY = YES;
				CLANG_WARN_ENUM_CONVERSION = YES;
				CLANG_WARN_INFINITE_RECURSION = YES;
				CLANG_WARN_INT_CONVERSION = YES;
				CLANG_WARN_NON_LITERAL_NULL_CONVERSION = YES;
				CLANG_WARN_OBJC_IMPLICIT_RETAIN_SELF = YES;
				CLANG_WARN_OBJC_LITERAL_CONVERSION = YES;
				CLANG_WARN_OBJC_ROOT_CLASS = YES_ERROR;
				CLANG_WARN_QUOTED_INCLUDE_IN_FRAMEWORK_HEADER = YES;
				CLANG_WARN_RANGE_LOOP_ANALYSIS = YES;
				CLANG_WARN_STRICT_PROTOTYPES = YES;
				CLANG_WARN_SUSPICIOUS_MOVE = YES;
				CLANG_WARN_UNGUARDED_AVAILABILITY = YES_AGGRESSIVE;
				CLANG_WARN_UNREACHABLE_CODE = YES;
				CLANG_WARN__DUPLICATE_METHOD_MATCH = YES;
				COPY_PHASE_STRIP = NO;
				DEAD_CODE_STRIPPING = YES;
				DEBUG_INFORMATION_FORMAT = "dwarf-with-dsym";
				ENABLE_NS_ASSERTIONS = NO;
				ENABLE_STRICT_OBJC_MSGSEND = YES;
				GCC_C_LANGUAGE_STANDARD = gnu11;
				GCC_NO_COMMON_BLOCKS = YES;
				GCC_WARN_64_TO_32_BIT_CONVERSION = YES;
				GCC_WARN_ABOUT_RETURN_TYPE = YES_ERROR;
				GCC_WARN_UNDECLARED_SELECTOR = YES;
				GCC_WARN_UNINITIALIZED_AUTOS = YES_AGGRESSIVE;
				GCC_WARN_UNUSED_FUNCTION = YES;
				GCC_WARN_UNUSED_VARIABLE = YES;
				MTL_ENABLE_DEBUG_INFO = NO;
				PRODUCT_NAME = "$(TARGET_NAME)";
				VALIDATE_PRODUCT = YES;
			};
			name = Release;
		};
		9828EFE68D39529CBBEC1398 /* Debug */ = {
			isa = XCBuildConfiguration;
			buildSettings = {
				CODE_SIGN_IDENTITY = "iPhone Developer";
				INFOPLIST_FILE = "Derived/InfoPlists/RailMapiOSUITests-Info.plist";
				IPHONEOS_DEPLOYMENT_TARGET = 18.0;
				LD_RUNPATH_SEARCH_PATHS = (
					"$(inherited)",
					"@executable_path/Frameworks",
					"@loader_path/Frameworks",
				);
				PRODUCT_BUNDLE_IDENTIFIER = com.railmap.RailMapiOSUITests;
				PRODUCT_NAME = RailMapiOSUITests;
				SDKROOT = iphoneos;
				SUPPORTS_MACCATALYST = NO;
				SUPPORTS_MAC_DESIGNED_FOR_IPHONE_IPAD = YES;
				SUPPORTS_XR_DESIGNED_FOR_IPHONE_IPAD = NO;
				SWIFT_ACTIVE_COMPILATION_CONDITIONS = (
					"$(inherited)",
					DEBUG,
				);
				SWIFT_COMPILATION_MODE = singlefile;
				SWIFT_OPTIMIZATION_LEVEL = "-Onone";
				SWIFT_VERSION = 5.0;
				TARGETED_DEVICE_FAMILY = "1,2";
				TEST_TARGET_NAME = RailMapiOS;
			};
			name = Debug;
		};
		F77FE393EC9F21E18EF90F77 /* Release */ = {
			isa = XCBuildConfiguration;
			buildSettings = {
				ASSETCATALOG_COMPILER_APPICON_NAME = AppIcon;
				CODE_SIGN_ENTITLEMENTS = Config/RailMapiOSDebug.entitlements;
				CODE_SIGN_IDENTITY = "iPhone Developer";
				ENABLE_PREVIEWS = YES;
				INFOPLIST_FILE = "Derived/InfoPlists/RailMapiOS-Info.plist";
				IPHONEOS_DEPLOYMENT_TARGET = 18.0;
				LD_RUNPATH_SEARCH_PATHS = (
					"$(inherited)",
					"@executable_path/Frameworks",
				);
				PRODUCT_BUNDLE_IDENTIFIER = com.railmap.RailMapiOS;
				PRODUCT_NAME = RailMapiOS;
				SDKROOT = iphoneos;
				SUPPORTS_MACCATALYST = NO;
				SUPPORTS_MAC_DESIGNED_FOR_IPHONE_IPAD = YES;
				SUPPORTS_XR_DESIGNED_FOR_IPHONE_IPAD = NO;
				SWIFT_COMPILATION_MODE = wholemodule;
				SWIFT_OPTIMIZATION_LEVEL = "-Owholemodule";
				SWIFT_VERSION = 5;
				TARGETED_DEVICE_FAMILY = "1,2";
			};
			name = Release;
		};
/* End XCBuildConfiguration section */

/* Begin XCConfigurationList section */
		550E4FFC0E3212694B6BA2DC /* Build configuration list for PBXNativeTarget "RailMapiOSTests" */ = {
			isa = XCConfigurationList;
			buildConfigurations = (
				580608E6AEAB8E82B5C9E988 /* Debug */,
				0A9D1608D7D15C43967CB867 /* Release */,
			);
			defaultConfigurationIsVisible = 0;
			defaultConfigurationName = Release;
		};
		60AAD47096D13278DDC4D06D /* Build configuration list for PBXProject "RailMapiOS" */ = {
			isa = XCConfigurationList;
			buildConfigurations = (
				1690D05E9A87CC7B8EFBEA1A /* Debug */,
				8429171E321CEC0FF15FE55F /* Release */,
			);
			defaultConfigurationIsVisible = 0;
			defaultConfigurationName = Release;
		};
		B8801702B3C335DE384B4D81 /* Build configuration list for PBXNativeTarget "RailMapiOSUITests" */ = {
			isa = XCConfigurationList;
			buildConfigurations = (
				9828EFE68D39529CBBEC1398 /* Debug */,
				49AA992BC81571DA284A5E8A /* Release */,
			);
			defaultConfigurationIsVisible = 0;
			defaultConfigurationName = Release;
		};
		B89CD6A3D46BF6034BF448A5 /* Build configuration list for PBXNativeTarget "RailMapiOS" */ = {
			isa = XCConfigurationList;
			buildConfigurations = (
				021B9B77B43ED51959AB490C /* Debug */,
				F77FE393EC9F21E18EF90F77 /* Release */,
			);
			defaultConfigurationIsVisible = 0;
			defaultConfigurationName = Release;
		};
/* End XCConfigurationList section */

/* Begin XCRemoteSwiftPackageReference section */
		43A44A60A3D5E814333415B4 /* XCRemoteSwiftPackageReference "OHHTTPStubs" */ = {
			isa = XCRemoteSwiftPackageReference;
			repositoryURL = "https://github.com/AliSoftware/OHHTTPStubs";
			requirement = {
				kind = upToNextMinorVersion;
				minimumVersion = 9.1.0;
			};
		};
		D415899A7326D27D6C690E51 /* XCRemoteSwiftPackageReference "swift-composable-architecture" */ = {
			isa = XCRemoteSwiftPackageReference;
			repositoryURL = "https://github.com/pointfreeco/swift-composable-architecture";
			requirement = {
				kind = upToNextMajorVersion;
				minimumVersion = 1.25.5;
			};
		};
/* End XCRemoteSwiftPackageReference section */

/* Begin XCSwiftPackageProductDependency section */
		01D88139408D450DEDE60A1B /* ComposableArchitecture */ = {
			isa = XCSwiftPackageProductDependency;
			productName = ComposableArchitecture;
		};
		2BA524F6EF416B27CCA98329 /* Helpers */ = {
			isa = XCSwiftPackageProductDependency;
			productName = Helpers;
		};
		56C7F6232F7EA72EECA3F3DA /* OHHTTPStubsSwift */ = {
			isa = XCSwiftPackageProductDependency;
			productName = OHHTTPStubsSwift;
		};
		7E251E8B71E7059433E27B04 /* Helpers */ = {
			isa = XCSwiftPackageProductDependency;
			productName = Helpers;
		};
		8B31B38C97ED8F2587F97D29 /* OHHTTPStubs */ = {
			isa = XCSwiftPackageProductDependency;
			productName = OHHTTPStubs;
		};
		AC4CAFD81B22DE5528812781 /* OHHTTPStubs */ = {
			isa = XCSwiftPackageProductDependency;
			productName = OHHTTPStubs;
		};
		B84FBECDF06B2687B7C68274 /* Helpers */ = {
			isa = XCSwiftPackageProductDependency;
			productName = Helpers;
		};
		E6FB2C5FFD7C2900CF0A7C74 /* OHHTTPStubsSwift */ = {
			isa = XCSwiftPackageProductDependency;
			productName = OHHTTPStubsSwift;
		};
/* End XCSwiftPackageProductDependency section */
	};
	rootObject = 8C967F8E3DEDBC18C8BB225D /* Project object */;
}
